// !$*UTF8*$!
{
	archiveVersion = 1;
	classes = {
	};
	objectVersion = 46;
	objects = {

/* Begin PBXBuildFile section */
		BB0A1C961DEB4A7200A8361B /* EventsViewController.m in Sources */ = {isa = PBXBuildFile; fileRef = BB0A1C951DEB4A7200A8361B /* EventsViewController.m */; };
		BB0A1C9A1DEB523200A8361B /* EventsTableViewCell.m in Sources */ = {isa = PBXBuildFile; fileRef = BB0A1C991DEB523200A8361B /* EventsTableViewCell.m */; };
		BB1965461DE204CC0088BCAF /* MenuUserViewController.m in Sources */ = {isa = PBXBuildFile; fileRef = BB1965451DE204CC0088BCAF /* MenuUserViewController.m */; };
		BB53838F1DC249E000BCD253 /* LoginViewController.m in Sources */ = {isa = PBXBuildFile; fileRef = BB53838E1DC249E000BCD253 /* LoginViewController.m */; };
		BB5D92451DE8986600F86C69 /* UserDetailsViewController.m in Sources */ = {isa = PBXBuildFile; fileRef = BB5D92441DE8986600F86C69 /* UserDetailsViewController.m */; };
		BBA39E521DE60B6C003DEE40 /* UsersViewController.m in Sources */ = {isa = PBXBuildFile; fileRef = BBA39E511DE60B6C003DEE40 /* UsersViewController.m */; };
		BBA39E551DE60E41003DEE40 /* UsersTableViewCell.m in Sources */ = {isa = PBXBuildFile; fileRef = BBA39E541DE60E41003DEE40 /* UsersTableViewCell.m */; };
		BBA4FAAA1DE192E800630913 /* ProfileHeaderview.m in Sources */ = {isa = PBXBuildFile; fileRef = BBA4FAA91DE192E800630913 /* ProfileHeaderview.m */; };
		BBA4FAAC1DE1931900630913 /* profileHeaderView.xib in Resources */ = {isa = PBXBuildFile; fileRef = BBA4FAAB1DE1931900630913 /* profileHeaderView.xib */; };
		BBC261E81DD4E3B10033B4A6 /* DemoMenuHeaderTableViewCell.m in Sources */ = {isa = PBXBuildFile; fileRef = BBC261E71DD4E3B10033B4A6 /* DemoMenuHeaderTableViewCell.m */; };
		BBC261EE1DD4EC950033B4A6 /* menuHeaderView.m in Sources */ = {isa = PBXBuildFile; fileRef = BBC261ED1DD4EC950033B4A6 /* menuHeaderView.m */; };
		BBC261F01DD4ECB60033B4A6 /* View.xib in Resources */ = {isa = PBXBuildFile; fileRef = BBC261EF1DD4ECB60033B4A6 /* View.xib */; };
		BBC8FAEC1DE171E800376F07 /* ProfileTableViewCell.m in Sources */ = {isa = PBXBuildFile; fileRef = BBC8FAEB1DE171E800376F07 /* ProfileTableViewCell.m */; };
		BBCAF5421DD21DFB00BEA62F /* AFNetworkActivityIndicatorManager.m in Sources */ = {isa = PBXBuildFile; fileRef = BBCAF5321DD21DFB00BEA62F /* AFNetworkActivityIndicatorManager.m */; };
		BBCAF5431DD21DFB00BEA62F /* UIActivityIndicatorView+AFNetworking.m in Sources */ = {isa = PBXBuildFile; fileRef = BBCAF5341DD21DFB00BEA62F /* UIActivityIndicatorView+AFNetworking.m */; };
		BBCAF5441DD21DFB00BEA62F /* UIAlertView+AFNetworking.m in Sources */ = {isa = PBXBuildFile; fileRef = BBCAF5361DD21DFB00BEA62F /* UIAlertView+AFNetworking.m */; };
		BBCAF5451DD21DFB00BEA62F /* UIButton+AFNetworking.m in Sources */ = {isa = PBXBuildFile; fileRef = BBCAF5381DD21DFB00BEA62F /* UIButton+AFNetworking.m */; };
		BBCAF5461DD21DFB00BEA62F /* UIImageView+AFNetworking.m in Sources */ = {isa = PBXBuildFile; fileRef = BBCAF53A1DD21DFB00BEA62F /* UIImageView+AFNetworking.m */; };
		BBCAF5471DD21DFB00BEA62F /* UIProgressView+AFNetworking.m in Sources */ = {isa = PBXBuildFile; fileRef = BBCAF53D1DD21DFB00BEA62F /* UIProgressView+AFNetworking.m */; };
		BBCAF5481DD21DFB00BEA62F /* UIRefreshControl+AFNetworking.m in Sources */ = {isa = PBXBuildFile; fileRef = BBCAF53F1DD21DFB00BEA62F /* UIRefreshControl+AFNetworking.m */; };
		BBCAF5491DD21DFB00BEA62F /* UIWebView+AFNetworking.m in Sources */ = {isa = PBXBuildFile; fileRef = BBCAF5411DD21DFB00BEA62F /* UIWebView+AFNetworking.m */; };
		BBCAF5651DD21E2700BEA62F /* AFHTTPRequestOperation.m in Sources */ = {isa = PBXBuildFile; fileRef = BBCAF54C1DD21E2700BEA62F /* AFHTTPRequestOperation.m */; };
		BBCAF5661DD21E2700BEA62F /* AFHTTPRequestOperationManager.m in Sources */ = {isa = PBXBuildFile; fileRef = BBCAF54E1DD21E2700BEA62F /* AFHTTPRequestOperationManager.m */; };
		BBCAF5671DD21E2700BEA62F /* AFHTTPSessionManager.m in Sources */ = {isa = PBXBuildFile; fileRef = BBCAF5501DD21E2700BEA62F /* AFHTTPSessionManager.m */; };
		BBCAF5681DD21E2700BEA62F /* AFNetworkReachabilityManager.m in Sources */ = {isa = PBXBuildFile; fileRef = BBCAF5531DD21E2700BEA62F /* AFNetworkReachabilityManager.m */; };
		BBCAF5691DD21E2700BEA62F /* AFSecurityPolicy.m in Sources */ = {isa = PBXBuildFile; fileRef = BBCAF5551DD21E2700BEA62F /* AFSecurityPolicy.m */; };
		BBCAF56A1DD21E2700BEA62F /* AFURLConnectionOperation.m in Sources */ = {isa = PBXBuildFile; fileRef = BBCAF5571DD21E2700BEA62F /* AFURLConnectionOperation.m */; };
		BBCAF56B1DD21E2700BEA62F /* AFURLRequestSerialization.m in Sources */ = {isa = PBXBuildFile; fileRef = BBCAF5591DD21E2700BEA62F /* AFURLRequestSerialization.m */; };
		BBCAF56C1DD21E2700BEA62F /* AFURLResponseSerialization.m in Sources */ = {isa = PBXBuildFile; fileRef = BBCAF55B1DD21E2700BEA62F /* AFURLResponseSerialization.m */; };
		BBCAF56D1DD21E2700BEA62F /* AFURLSessionManager.m in Sources */ = {isa = PBXBuildFile; fileRef = BBCAF55D1DD21E2700BEA62F /* AFURLSessionManager.m */; };
		BBCAF56E1DD21E2700BEA62F /* SVIndefiniteAnimatedView.m in Sources */ = {isa = PBXBuildFile; fileRef = BBCAF5601DD21E2700BEA62F /* SVIndefiniteAnimatedView.m */; };
		BBCAF56F1DD21E2700BEA62F /* SVProgressHUD.bundle in Resources */ = {isa = PBXBuildFile; fileRef = BBCAF5621DD21E2700BEA62F /* SVProgressHUD.bundle */; };
		BBCAF5701DD21E2700BEA62F /* SVProgressHUD.m in Sources */ = {isa = PBXBuildFile; fileRef = BBCAF5641DD21E2700BEA62F /* SVProgressHUD.m */; };
		BBCAF5731DD21E4500BEA62F /* RHWebServiceManager.m in Sources */ = {isa = PBXBuildFile; fileRef = BBCAF5721DD21E4500BEA62F /* RHWebServiceManager.m */; };
		BBCAF58A1DD21E7D00BEA62F /* CourseObject.m in Sources */ = {isa = PBXBuildFile; fileRef = BBCAF5751DD21E7C00BEA62F /* CourseObject.m */; };
		BBCAF58B1DD21E7D00BEA62F /* EventObject.m in Sources */ = {isa = PBXBuildFile; fileRef = BBCAF5771DD21E7C00BEA62F /* EventObject.m */; };
		BBCAF58C1DD21E7D00BEA62F /* MessageObject.m in Sources */ = {isa = PBXBuildFile; fileRef = BBCAF5791DD21E7C00BEA62F /* MessageObject.m */; };
		BBCAF58D1DD21E7D00BEA62F /* NewsObject.m in Sources */ = {isa = PBXBuildFile; fileRef = BBCAF57B1DD21E7C00BEA62F /* NewsObject.m */; };
		BBCAF58E1DD21E7D00BEA62F /* OfferObject.m in Sources */ = {isa = PBXBuildFile; fileRef = BBCAF57D1DD21E7C00BEA62F /* OfferObject.m */; };
		BBCAF58F1DD21E7D00BEA62F /* ServiceDetailsObject.m in Sources */ = {isa = PBXBuildFile; fileRef = BBCAF57F1DD21E7D00BEA62F /* ServiceDetailsObject.m */; };
		BBCAF5901DD21E7D00BEA62F /* ServiceObject.m in Sources */ = {isa = PBXBuildFile; fileRef = BBCAF5811DD21E7D00BEA62F /* ServiceObject.m */; };
		BBCAF5911DD21E7D00BEA62F /* TicketDetailsObject.m in Sources */ = {isa = PBXBuildFile; fileRef = BBCAF5831DD21E7D00BEA62F /* TicketDetailsObject.m */; };
		BBCAF5921DD21E7D00BEA62F /* TicketObject.m in Sources */ = {isa = PBXBuildFile; fileRef = BBCAF5851DD21E7D00BEA62F /* TicketObject.m */; };
		BBCAF5931DD21E7D00BEA62F /* UserInfoObject.m in Sources */ = {isa = PBXBuildFile; fileRef = BBCAF5871DD21E7D00BEA62F /* UserInfoObject.m */; };
		BBCAF5941DD21E7D00BEA62F /* UserProfile.m in Sources */ = {isa = PBXBuildFile; fileRef = BBCAF5891DD21E7D00BEA62F /* UserProfile.m */; };
		BBCAF5981DD21ECB00BEA62F /* User Details.m in Sources */ = {isa = PBXBuildFile; fileRef = BBCAF5971DD21ECB00BEA62F /* User Details.m */; };
		BBCAF59D1DD2432F00BEA62F /* ProfileViewController.m in Sources */ = {isa = PBXBuildFile; fileRef = BBCAF59C1DD2432F00BEA62F /* ProfileViewController.m */; };
		BBCAF5A01DD24BE100BEA62F /* NewsTableViewCell.m in Sources */ = {isa = PBXBuildFile; fileRef = BBCAF59F1DD24BE100BEA62F /* NewsTableViewCell.m */; };
		BBD16BBB1DBCFD3B00E1427F /* main.m in Sources */ = {isa = PBXBuildFile; fileRef = BBD16BBA1DBCFD3B00E1427F /* main.m */; };
		BBD16BBE1DBCFD3B00E1427F /* AppDelegate.m in Sources */ = {isa = PBXBuildFile; fileRef = BBD16BBD1DBCFD3B00E1427F /* AppDelegate.m */; };
		BBD16BC11DBCFD3B00E1427F /* ViewController.m in Sources */ = {isa = PBXBuildFile; fileRef = BBD16BC01DBCFD3B00E1427F /* ViewController.m */; };
		BBD16BC41DBCFD3B00E1427F /* Main.storyboard in Resources */ = {isa = PBXBuildFile; fileRef = BBD16BC21DBCFD3B00E1427F /* Main.storyboard */; };
		BBD16BC71DBCFD3B00E1427F /* StudioApp_Readytec.xcdatamodeld in Sources */ = {isa = PBXBuildFile; fileRef = BBD16BC51DBCFD3B00E1427F /* StudioApp_Readytec.xcdatamodeld */; };
		BBD16BC91DBCFD3B00E1427F /* Assets.xcassets in Resources */ = {isa = PBXBuildFile; fileRef = BBD16BC81DBCFD3B00E1427F /* Assets.xcassets */; };
		BBD16BCC1DBCFD3B00E1427F /* LaunchScreen.storyboard in Resources */ = {isa = PBXBuildFile; fileRef = BBD16BCA1DBCFD3B00E1427F /* LaunchScreen.storyboard */; };
		BBEF0DDA1DCE008900466479 /* MenuAdminViewController.m in Sources */ = {isa = PBXBuildFile; fileRef = BBEF0DD91DCE008900466479 /* MenuAdminViewController.m */; };
		BBEF0DDD1DCE00BF00466479 /* NewsViewController.m in Sources */ = {isa = PBXBuildFile; fileRef = BBEF0DDC1DCE00BF00466479 /* NewsViewController.m */; };
		BBEF0DEC1DCE0C5100466479 /* RECommonFunctions.m in Sources */ = {isa = PBXBuildFile; fileRef = BBEF0DE11DCE0C5100466479 /* RECommonFunctions.m */; };
		BBEF0DED1DCE0C5100466479 /* REFrostedContainerViewController.m in Sources */ = {isa = PBXBuildFile; fileRef = BBEF0DE31DCE0C5100466479 /* REFrostedContainerViewController.m */; };
		BBEF0DEE1DCE0C5100466479 /* REFrostedViewController.m in Sources */ = {isa = PBXBuildFile; fileRef = BBEF0DE51DCE0C5100466479 /* REFrostedViewController.m */; };
		BBEF0DEF1DCE0C5100466479 /* UIImage+REFrostedViewController.m in Sources */ = {isa = PBXBuildFile; fileRef = BBEF0DE71DCE0C5100466479 /* UIImage+REFrostedViewController.m */; };
		BBEF0DF01DCE0C5100466479 /* UIView+REFrostedViewController.m in Sources */ = {isa = PBXBuildFile; fileRef = BBEF0DE91DCE0C5100466479 /* UIView+REFrostedViewController.m */; };
		BBEF0DF11DCE0C5100466479 /* UIViewController+REFrostedViewController.m in Sources */ = {isa = PBXBuildFile; fileRef = BBEF0DEB1DCE0C5100466479 /* UIViewController+REFrostedViewController.m */; };
		BBEF0DF41DCE0D0F00466479 /* RootViewController.m in Sources */ = {isa = PBXBuildFile; fileRef = BBEF0DF31DCE0D0F00466479 /* RootViewController.m */; };
		BBEF0DF71DCE0E4300466479 /* DEMONavigationController.m in Sources */ = {isa = PBXBuildFile; fileRef = BBEF0DF61DCE0E4300466479 /* DEMONavigationController.m */; };
		BBEF0DFA1DCE0FB800466479 /* DEMOMenuViewController.m in Sources */ = {isa = PBXBuildFile; fileRef = BBEF0DF91DCE0FB800466479 /* DEMOMenuViewController.m */; };
		BBEF0DFD1DCE433C00466479 /* DEMOMenuTableViewCell.m in Sources */ = {isa = PBXBuildFile; fileRef = BBEF0DFC1DCE433C00466479 /* DEMOMenuTableViewCell.m */; };
/* End PBXBuildFile section */

/* Begin PBXFileReference section */
		BB0A1C941DEB4A7200A8361B /* EventsViewController.h */ = {isa = PBXFileReference; fileEncoding = 4; lastKnownFileType = sourcecode.c.h; path = EventsViewController.h; sourceTree = "<group>"; };
		BB0A1C951DEB4A7200A8361B /* EventsViewController.m */ = {isa = PBXFileReference; fileEncoding = 4; lastKnownFileType = sourcecode.c.objc; path = EventsViewController.m; sourceTree = "<group>"; };
		BB0A1C981DEB523200A8361B /* EventsTableViewCell.h */ = {isa = PBXFileReference; fileEncoding = 4; lastKnownFileType = sourcecode.c.h; path = EventsTableViewCell.h; sourceTree = "<group>"; };
		BB0A1C991DEB523200A8361B /* EventsTableViewCell.m */ = {isa = PBXFileReference; fileEncoding = 4; lastKnownFileType = sourcecode.c.objc; path = EventsTableViewCell.m; sourceTree = "<group>"; };
		BB1965441DE204CC0088BCAF /* MenuUserViewController.h */ = {isa = PBXFileReference; fileEncoding = 4; lastKnownFileType = sourcecode.c.h; path = MenuUserViewController.h; sourceTree = "<group>"; };
		BB1965451DE204CC0088BCAF /* MenuUserViewController.m */ = {isa = PBXFileReference; fileEncoding = 4; lastKnownFileType = sourcecode.c.objc; path = MenuUserViewController.m; sourceTree = "<group>"; };
		BB53838D1DC249E000BCD253 /* LoginViewController.h */ = {isa = PBXFileReference; fileEncoding = 4; lastKnownFileType = sourcecode.c.h; path = LoginViewController.h; sourceTree = "<group>"; };
		BB53838E1DC249E000BCD253 /* LoginViewController.m */ = {isa = PBXFileReference; fileEncoding = 4; lastKnownFileType = sourcecode.c.objc; path = LoginViewController.m; sourceTree = "<group>"; };
		BB5D92431DE8986600F86C69 /* UserDetailsViewController.h */ = {isa = PBXFileReference; fileEncoding = 4; lastKnownFileType = sourcecode.c.h; path = UserDetailsViewController.h; sourceTree = "<group>"; };
		BB5D92441DE8986600F86C69 /* UserDetailsViewController.m */ = {isa = PBXFileReference; fileEncoding = 4; lastKnownFileType = sourcecode.c.objc; path = UserDetailsViewController.m; sourceTree = "<group>"; };
		BBA39E501DE60B6C003DEE40 /* UsersViewController.h */ = {isa = PBXFileReference; fileEncoding = 4; lastKnownFileType = sourcecode.c.h; path = UsersViewController.h; sourceTree = "<group>"; };
		BBA39E511DE60B6C003DEE40 /* UsersViewController.m */ = {isa = PBXFileReference; fileEncoding = 4; lastKnownFileType = sourcecode.c.objc; path = UsersViewController.m; sourceTree = "<group>"; };
		BBA39E531DE60E41003DEE40 /* UsersTableViewCell.h */ = {isa = PBXFileReference; fileEncoding = 4; lastKnownFileType = sourcecode.c.h; path = UsersTableViewCell.h; sourceTree = "<group>"; };
		BBA39E541DE60E41003DEE40 /* UsersTableViewCell.m */ = {isa = PBXFileReference; fileEncoding = 4; lastKnownFileType = sourcecode.c.objc; path = UsersTableViewCell.m; sourceTree = "<group>"; };
		BBA4FAA81DE192E800630913 /* ProfileHeaderview.h */ = {isa = PBXFileReference; fileEncoding = 4; lastKnownFileType = sourcecode.c.h; path = ProfileHeaderview.h; sourceTree = "<group>"; };
		BBA4FAA91DE192E800630913 /* ProfileHeaderview.m */ = {isa = PBXFileReference; fileEncoding = 4; lastKnownFileType = sourcecode.c.objc; path = ProfileHeaderview.m; sourceTree = "<group>"; };
		BBA4FAAB1DE1931900630913 /* profileHeaderView.xib */ = {isa = PBXFileReference; fileEncoding = 4; lastKnownFileType = file.xib; path = profileHeaderView.xib; sourceTree = "<group>"; };
		BBC261E61DD4E3B10033B4A6 /* DemoMenuHeaderTableViewCell.h */ = {isa = PBXFileReference; fileEncoding = 4; lastKnownFileType = sourcecode.c.h; path = DemoMenuHeaderTableViewCell.h; sourceTree = "<group>"; };
		BBC261E71DD4E3B10033B4A6 /* DemoMenuHeaderTableViewCell.m */ = {isa = PBXFileReference; fileEncoding = 4; lastKnownFileType = sourcecode.c.objc; path = DemoMenuHeaderTableViewCell.m; sourceTree = "<group>"; };
		BBC261EC1DD4EC950033B4A6 /* menuHeaderView.h */ = {isa = PBXFileReference; fileEncoding = 4; lastKnownFileType = sourcecode.c.h; path = menuHeaderView.h; sourceTree = "<group>"; };
		BBC261ED1DD4EC950033B4A6 /* menuHeaderView.m */ = {isa = PBXFileReference; fileEncoding = 4; lastKnownFileType = sourcecode.c.objc; path = menuHeaderView.m; sourceTree = "<group>"; };
		BBC261EF1DD4ECB60033B4A6 /* View.xib */ = {isa = PBXFileReference; fileEncoding = 4; lastKnownFileType = file.xib; path = View.xib; sourceTree = "<group>"; };
		BBC8FAEA1DE171E800376F07 /* ProfileTableViewCell.h */ = {isa = PBXFileReference; fileEncoding = 4; lastKnownFileType = sourcecode.c.h; path = ProfileTableViewCell.h; sourceTree = "<group>"; };
		BBC8FAEB1DE171E800376F07 /* ProfileTableViewCell.m */ = {isa = PBXFileReference; fileEncoding = 4; lastKnownFileType = sourcecode.c.objc; path = ProfileTableViewCell.m; sourceTree = "<group>"; };
		BBCAF5311DD21DFB00BEA62F /* AFNetworkActivityIndicatorManager.h */ = {isa = PBXFileReference; fileEncoding = 4; lastKnownFileType = sourcecode.c.h; path = AFNetworkActivityIndicatorManager.h; sourceTree = "<group>"; };
		BBCAF5321DD21DFB00BEA62F /* AFNetworkActivityIndicatorManager.m */ = {isa = PBXFileReference; fileEncoding = 4; lastKnownFileType = sourcecode.c.objc; path = AFNetworkActivityIndicatorManager.m; sourceTree = "<group>"; };
		BBCAF5331DD21DFB00BEA62F /* UIActivityIndicatorView+AFNetworking.h */ = {isa = PBXFileReference; fileEncoding = 4; lastKnownFileType = sourcecode.c.h; path = "UIActivityIndicatorView+AFNetworking.h"; sourceTree = "<group>"; };
		BBCAF5341DD21DFB00BEA62F /* UIActivityIndicatorView+AFNetworking.m */ = {isa = PBXFileReference; fileEncoding = 4; lastKnownFileType = sourcecode.c.objc; path = "UIActivityIndicatorView+AFNetworking.m"; sourceTree = "<group>"; };
		BBCAF5351DD21DFB00BEA62F /* UIAlertView+AFNetworking.h */ = {isa = PBXFileReference; fileEncoding = 4; lastKnownFileType = sourcecode.c.h; path = "UIAlertView+AFNetworking.h"; sourceTree = "<group>"; };
		BBCAF5361DD21DFB00BEA62F /* UIAlertView+AFNetworking.m */ = {isa = PBXFileReference; fileEncoding = 4; lastKnownFileType = sourcecode.c.objc; path = "UIAlertView+AFNetworking.m"; sourceTree = "<group>"; };
		BBCAF5371DD21DFB00BEA62F /* UIButton+AFNetworking.h */ = {isa = PBXFileReference; fileEncoding = 4; lastKnownFileType = sourcecode.c.h; path = "UIButton+AFNetworking.h"; sourceTree = "<group>"; };
		BBCAF5381DD21DFB00BEA62F /* UIButton+AFNetworking.m */ = {isa = PBXFileReference; fileEncoding = 4; lastKnownFileType = sourcecode.c.objc; path = "UIButton+AFNetworking.m"; sourceTree = "<group>"; };
		BBCAF5391DD21DFB00BEA62F /* UIImageView+AFNetworking.h */ = {isa = PBXFileReference; fileEncoding = 4; lastKnownFileType = sourcecode.c.h; path = "UIImageView+AFNetworking.h"; sourceTree = "<group>"; };
		BBCAF53A1DD21DFB00BEA62F /* UIImageView+AFNetworking.m */ = {isa = PBXFileReference; fileEncoding = 4; lastKnownFileType = sourcecode.c.objc; path = "UIImageView+AFNetworking.m"; sourceTree = "<group>"; };
		BBCAF53B1DD21DFB00BEA62F /* UIKit+AFNetworking.h */ = {isa = PBXFileReference; fileEncoding = 4; lastKnownFileType = sourcecode.c.h; path = "UIKit+AFNetworking.h"; sourceTree = "<group>"; };
		BBCAF53C1DD21DFB00BEA62F /* UIProgressView+AFNetworking.h */ = {isa = PBXFileReference; fileEncoding = 4; lastKnownFileType = sourcecode.c.h; path = "UIProgressView+AFNetworking.h"; sourceTree = "<group>"; };
		BBCAF53D1DD21DFB00BEA62F /* UIProgressView+AFNetworking.m */ = {isa = PBXFileReference; fileEncoding = 4; lastKnownFileType = sourcecode.c.objc; path = "UIProgressView+AFNetworking.m"; sourceTree = "<group>"; };
		BBCAF53E1DD21DFB00BEA62F /* UIRefreshControl+AFNetworking.h */ = {isa = PBXFileReference; fileEncoding = 4; lastKnownFileType = sourcecode.c.h; path = "UIRefreshControl+AFNetworking.h"; sourceTree = "<group>"; };
		BBCAF53F1DD21DFB00BEA62F /* UIRefreshControl+AFNetworking.m */ = {isa = PBXFileReference; fileEncoding = 4; lastKnownFileType = sourcecode.c.objc; path = "UIRefreshControl+AFNetworking.m"; sourceTree = "<group>"; };
		BBCAF5401DD21DFB00BEA62F /* UIWebView+AFNetworking.h */ = {isa = PBXFileReference; fileEncoding = 4; lastKnownFileType = sourcecode.c.h; path = "UIWebView+AFNetworking.h"; sourceTree = "<group>"; };
		BBCAF5411DD21DFB00BEA62F /* UIWebView+AFNetworking.m */ = {isa = PBXFileReference; fileEncoding = 4; lastKnownFileType = sourcecode.c.objc; path = "UIWebView+AFNetworking.m"; sourceTree = "<group>"; };
		BBCAF54B1DD21E2700BEA62F /* AFHTTPRequestOperation.h */ = {isa = PBXFileReference; fileEncoding = 4; lastKnownFileType = sourcecode.c.h; path = AFHTTPRequestOperation.h; sourceTree = "<group>"; };
		BBCAF54C1DD21E2700BEA62F /* AFHTTPRequestOperation.m */ = {isa = PBXFileReference; fileEncoding = 4; lastKnownFileType = sourcecode.c.objc; path = AFHTTPRequestOperation.m; sourceTree = "<group>"; };
		BBCAF54D1DD21E2700BEA62F /* AFHTTPRequestOperationManager.h */ = {isa = PBXFileReference; fileEncoding = 4; lastKnownFileType = sourcecode.c.h; path = AFHTTPRequestOperationManager.h; sourceTree = "<group>"; };
		BBCAF54E1DD21E2700BEA62F /* AFHTTPRequestOperationManager.m */ = {isa = PBXFileReference; fileEncoding = 4; lastKnownFileType = sourcecode.c.objc; path = AFHTTPRequestOperationManager.m; sourceTree = "<group>"; };
		BBCAF54F1DD21E2700BEA62F /* AFHTTPSessionManager.h */ = {isa = PBXFileReference; fileEncoding = 4; lastKnownFileType = sourcecode.c.h; path = AFHTTPSessionManager.h; sourceTree = "<group>"; };
		BBCAF5501DD21E2700BEA62F /* AFHTTPSessionManager.m */ = {isa = PBXFileReference; fileEncoding = 4; lastKnownFileType = sourcecode.c.objc; path = AFHTTPSessionManager.m; sourceTree = "<group>"; };
		BBCAF5511DD21E2700BEA62F /* AFNetworking.h */ = {isa = PBXFileReference; fileEncoding = 4; lastKnownFileType = sourcecode.c.h; path = AFNetworking.h; sourceTree = "<group>"; };
		BBCAF5521DD21E2700BEA62F /* AFNetworkReachabilityManager.h */ = {isa = PBXFileReference; fileEncoding = 4; lastKnownFileType = sourcecode.c.h; path = AFNetworkReachabilityManager.h; sourceTree = "<group>"; };
		BBCAF5531DD21E2700BEA62F /* AFNetworkReachabilityManager.m */ = {isa = PBXFileReference; fileEncoding = 4; lastKnownFileType = sourcecode.c.objc; path = AFNetworkReachabilityManager.m; sourceTree = "<group>"; };
		BBCAF5541DD21E2700BEA62F /* AFSecurityPolicy.h */ = {isa = PBXFileReference; fileEncoding = 4; lastKnownFileType = sourcecode.c.h; path = AFSecurityPolicy.h; sourceTree = "<group>"; };
		BBCAF5551DD21E2700BEA62F /* AFSecurityPolicy.m */ = {isa = PBXFileReference; fileEncoding = 4; lastKnownFileType = sourcecode.c.objc; path = AFSecurityPolicy.m; sourceTree = "<group>"; };
		BBCAF5561DD21E2700BEA62F /* AFURLConnectionOperation.h */ = {isa = PBXFileReference; fileEncoding = 4; lastKnownFileType = sourcecode.c.h; path = AFURLConnectionOperation.h; sourceTree = "<group>"; };
		BBCAF5571DD21E2700BEA62F /* AFURLConnectionOperation.m */ = {isa = PBXFileReference; fileEncoding = 4; lastKnownFileType = sourcecode.c.objc; path = AFURLConnectionOperation.m; sourceTree = "<group>"; };
		BBCAF5581DD21E2700BEA62F /* AFURLRequestSerialization.h */ = {isa = PBXFileReference; fileEncoding = 4; lastKnownFileType = sourcecode.c.h; path = AFURLRequestSerialization.h; sourceTree = "<group>"; };
		BBCAF5591DD21E2700BEA62F /* AFURLRequestSerialization.m */ = {isa = PBXFileReference; fileEncoding = 4; lastKnownFileType = sourcecode.c.objc; path = AFURLRequestSerialization.m; sourceTree = "<group>"; };
		BBCAF55A1DD21E2700BEA62F /* AFURLResponseSerialization.h */ = {isa = PBXFileReference; fileEncoding = 4; lastKnownFileType = sourcecode.c.h; path = AFURLResponseSerialization.h; sourceTree = "<group>"; };
		BBCAF55B1DD21E2700BEA62F /* AFURLResponseSerialization.m */ = {isa = PBXFileReference; fileEncoding = 4; lastKnownFileType = sourcecode.c.objc; path = AFURLResponseSerialization.m; sourceTree = "<group>"; };
		BBCAF55C1DD21E2700BEA62F /* AFURLSessionManager.h */ = {isa = PBXFileReference; fileEncoding = 4; lastKnownFileType = sourcecode.c.h; path = AFURLSessionManager.h; sourceTree = "<group>"; };
		BBCAF55D1DD21E2700BEA62F /* AFURLSessionManager.m */ = {isa = PBXFileReference; fileEncoding = 4; lastKnownFileType = sourcecode.c.objc; path = AFURLSessionManager.m; sourceTree = "<group>"; };
		BBCAF55F1DD21E2700BEA62F /* SVIndefiniteAnimatedView.h */ = {isa = PBXFileReference; fileEncoding = 4; lastKnownFileType = sourcecode.c.h; path = SVIndefiniteAnimatedView.h; sourceTree = "<group>"; };
		BBCAF5601DD21E2700BEA62F /* SVIndefiniteAnimatedView.m */ = {isa = PBXFileReference; fileEncoding = 4; lastKnownFileType = sourcecode.c.objc; path = SVIndefiniteAnimatedView.m; sourceTree = "<group>"; };
		BBCAF5611DD21E2700BEA62F /* SVProgressHUD-Prefix.pch */ = {isa = PBXFileReference; fileEncoding = 4; lastKnownFileType = sourcecode.c.h; path = "SVProgressHUD-Prefix.pch"; sourceTree = "<group>"; };
		BBCAF5621DD21E2700BEA62F /* SVProgressHUD.bundle */ = {isa = PBXFileReference; lastKnownFileType = "wrapper.plug-in"; path = SVProgressHUD.bundle; sourceTree = "<group>"; };
		BBCAF5631DD21E2700BEA62F /* SVProgressHUD.h */ = {isa = PBXFileReference; fileEncoding = 4; lastKnownFileType = sourcecode.c.h; path = SVProgressHUD.h; sourceTree = "<group>"; };
		BBCAF5641DD21E2700BEA62F /* SVProgressHUD.m */ = {isa = PBXFileReference; fileEncoding = 4; lastKnownFileType = sourcecode.c.objc; path = SVProgressHUD.m; sourceTree = "<group>"; };
		BBCAF5711DD21E4500BEA62F /* RHWebServiceManager.h */ = {isa = PBXFileReference; fileEncoding = 4; lastKnownFileType = sourcecode.c.h; path = RHWebServiceManager.h; sourceTree = "<group>"; };
		BBCAF5721DD21E4500BEA62F /* RHWebServiceManager.m */ = {isa = PBXFileReference; fileEncoding = 4; lastKnownFileType = sourcecode.c.objc; path = RHWebServiceManager.m; sourceTree = "<group>"; };
		BBCAF5741DD21E7C00BEA62F /* CourseObject.h */ = {isa = PBXFileReference; fileEncoding = 4; lastKnownFileType = sourcecode.c.h; path = CourseObject.h; sourceTree = "<group>"; };
		BBCAF5751DD21E7C00BEA62F /* CourseObject.m */ = {isa = PBXFileReference; fileEncoding = 4; lastKnownFileType = sourcecode.c.objc; path = CourseObject.m; sourceTree = "<group>"; };
		BBCAF5761DD21E7C00BEA62F /* EventObject.h */ = {isa = PBXFileReference; fileEncoding = 4; lastKnownFileType = sourcecode.c.h; path = EventObject.h; sourceTree = "<group>"; };
		BBCAF5771DD21E7C00BEA62F /* EventObject.m */ = {isa = PBXFileReference; fileEncoding = 4; lastKnownFileType = sourcecode.c.objc; path = EventObject.m; sourceTree = "<group>"; };
		BBCAF5781DD21E7C00BEA62F /* MessageObject.h */ = {isa = PBXFileReference; fileEncoding = 4; lastKnownFileType = sourcecode.c.h; path = MessageObject.h; sourceTree = "<group>"; };
		BBCAF5791DD21E7C00BEA62F /* MessageObject.m */ = {isa = PBXFileReference; fileEncoding = 4; lastKnownFileType = sourcecode.c.objc; path = MessageObject.m; sourceTree = "<group>"; };
		BBCAF57A1DD21E7C00BEA62F /* NewsObject.h */ = {isa = PBXFileReference; fileEncoding = 4; lastKnownFileType = sourcecode.c.h; path = NewsObject.h; sourceTree = "<group>"; };
		BBCAF57B1DD21E7C00BEA62F /* NewsObject.m */ = {isa = PBXFileReference; fileEncoding = 4; lastKnownFileType = sourcecode.c.objc; path = NewsObject.m; sourceTree = "<group>"; };
		BBCAF57C1DD21E7C00BEA62F /* OfferObject.h */ = {isa = PBXFileReference; fileEncoding = 4; lastKnownFileType = sourcecode.c.h; path = OfferObject.h; sourceTree = "<group>"; };
		BBCAF57D1DD21E7C00BEA62F /* OfferObject.m */ = {isa = PBXFileReference; fileEncoding = 4; lastKnownFileType = sourcecode.c.objc; path = OfferObject.m; sourceTree = "<group>"; };
		BBCAF57E1DD21E7D00BEA62F /* ServiceDetailsObject.h */ = {isa = PBXFileReference; fileEncoding = 4; lastKnownFileType = sourcecode.c.h; path = ServiceDetailsObject.h; sourceTree = "<group>"; };
		BBCAF57F1DD21E7D00BEA62F /* ServiceDetailsObject.m */ = {isa = PBXFileReference; fileEncoding = 4; lastKnownFileType = sourcecode.c.objc; path = ServiceDetailsObject.m; sourceTree = "<group>"; };
		BBCAF5801DD21E7D00BEA62F /* ServiceObject.h */ = {isa = PBXFileReference; fileEncoding = 4; lastKnownFileType = sourcecode.c.h; path = ServiceObject.h; sourceTree = "<group>"; };
		BBCAF5811DD21E7D00BEA62F /* ServiceObject.m */ = {isa = PBXFileReference; fileEncoding = 4; lastKnownFileType = sourcecode.c.objc; path = ServiceObject.m; sourceTree = "<group>"; };
		BBCAF5821DD21E7D00BEA62F /* TicketDetailsObject.h */ = {isa = PBXFileReference; fileEncoding = 4; lastKnownFileType = sourcecode.c.h; path = TicketDetailsObject.h; sourceTree = "<group>"; };
		BBCAF5831DD21E7D00BEA62F /* TicketDetailsObject.m */ = {isa = PBXFileReference; fileEncoding = 4; lastKnownFileType = sourcecode.c.objc; path = TicketDetailsObject.m; sourceTree = "<group>"; };
		BBCAF5841DD21E7D00BEA62F /* TicketObject.h */ = {isa = PBXFileReference; fileEncoding = 4; lastKnownFileType = sourcecode.c.h; path = TicketObject.h; sourceTree = "<group>"; };
		BBCAF5851DD21E7D00BEA62F /* TicketObject.m */ = {isa = PBXFileReference; fileEncoding = 4; lastKnownFileType = sourcecode.c.objc; path = TicketObject.m; sourceTree = "<group>"; };
		BBCAF5861DD21E7D00BEA62F /* UserInfoObject.h */ = {isa = PBXFileReference; fileEncoding = 4; lastKnownFileType = sourcecode.c.h; path = UserInfoObject.h; sourceTree = "<group>"; };
		BBCAF5871DD21E7D00BEA62F /* UserInfoObject.m */ = {isa = PBXFileReference; fileEncoding = 4; lastKnownFileType = sourcecode.c.objc; path = UserInfoObject.m; sourceTree = "<group>"; };
		BBCAF5881DD21E7D00BEA62F /* UserProfile.h */ = {isa = PBXFileReference; fileEncoding = 4; lastKnownFileType = sourcecode.c.h; path = UserProfile.h; sourceTree = "<group>"; };
		BBCAF5891DD21E7D00BEA62F /* UserProfile.m */ = {isa = PBXFileReference; fileEncoding = 4; lastKnownFileType = sourcecode.c.objc; path = UserProfile.m; sourceTree = "<group>"; };
		BBCAF5961DD21ECB00BEA62F /* User Details.h */ = {isa = PBXFileReference; fileEncoding = 4; lastKnownFileType = sourcecode.c.h; path = "User Details.h"; sourceTree = "<group>"; };
		BBCAF5971DD21ECB00BEA62F /* User Details.m */ = {isa = PBXFileReference; fileEncoding = 4; lastKnownFileType = sourcecode.c.objc; path = "User Details.m"; sourceTree = "<group>"; };
		BBCAF59B1DD2432F00BEA62F /* ProfileViewController.h */ = {isa = PBXFileReference; fileEncoding = 4; lastKnownFileType = sourcecode.c.h; path = ProfileViewController.h; sourceTree = "<group>"; };
		BBCAF59C1DD2432F00BEA62F /* ProfileViewController.m */ = {isa = PBXFileReference; fileEncoding = 4; lastKnownFileType = sourcecode.c.objc; path = ProfileViewController.m; sourceTree = "<group>"; };
		BBCAF59E1DD24BE100BEA62F /* NewsTableViewCell.h */ = {isa = PBXFileReference; fileEncoding = 4; lastKnownFileType = sourcecode.c.h; path = NewsTableViewCell.h; sourceTree = "<group>"; };
		BBCAF59F1DD24BE100BEA62F /* NewsTableViewCell.m */ = {isa = PBXFileReference; fileEncoding = 4; lastKnownFileType = sourcecode.c.objc; path = NewsTableViewCell.m; sourceTree = "<group>"; };
		BBD16BB61DBCFD3B00E1427F /* StudioApp Readytec.app */ = {isa = PBXFileReference; explicitFileType = wrapper.application; includeInIndex = 0; path = "StudioApp Readytec.app"; sourceTree = BUILT_PRODUCTS_DIR; };
		BBD16BBA1DBCFD3B00E1427F /* main.m */ = {isa = PBXFileReference; lastKnownFileType = sourcecode.c.objc; path = main.m; sourceTree = "<group>"; };
		BBD16BBC1DBCFD3B00E1427F /* AppDelegate.h */ = {isa = PBXFileReference; lastKnownFileType = sourcecode.c.h; path = AppDelegate.h; sourceTree = "<group>"; };
		BBD16BBD1DBCFD3B00E1427F /* AppDelegate.m */ = {isa = PBXFileReference; lastKnownFileType = sourcecode.c.objc; path = AppDelegate.m; sourceTree = "<group>"; };
		BBD16BBF1DBCFD3B00E1427F /* ViewController.h */ = {isa = PBXFileReference; lastKnownFileType = sourcecode.c.h; path = ViewController.h; sourceTree = "<group>"; };
		BBD16BC01DBCFD3B00E1427F /* ViewController.m */ = {isa = PBXFileReference; lastKnownFileType = sourcecode.c.objc; path = ViewController.m; sourceTree = "<group>"; };
		BBD16BC31DBCFD3B00E1427F /* Base */ = {isa = PBXFileReference; lastKnownFileType = file.storyboard; name = Base; path = Base.lproj/Main.storyboard; sourceTree = "<group>"; };
		BBD16BC61DBCFD3B00E1427F /* StudioApp_Readytec.xcdatamodel */ = {isa = PBXFileReference; lastKnownFileType = wrapper.xcdatamodel; path = StudioApp_Readytec.xcdatamodel; sourceTree = "<group>"; };
		BBD16BC81DBCFD3B00E1427F /* Assets.xcassets */ = {isa = PBXFileReference; lastKnownFileType = folder.assetcatalog; path = Assets.xcassets; sourceTree = "<group>"; };
		BBD16BCB1DBCFD3B00E1427F /* Base */ = {isa = PBXFileReference; lastKnownFileType = file.storyboard; name = Base; path = Base.lproj/LaunchScreen.storyboard; sourceTree = "<group>"; };
		BBD16BCD1DBCFD3B00E1427F /* Info.plist */ = {isa = PBXFileReference; lastKnownFileType = text.plist.xml; path = Info.plist; sourceTree = "<group>"; };
		BBEF0DD81DCE008900466479 /* MenuAdminViewController.h */ = {isa = PBXFileReference; fileEncoding = 4; lastKnownFileType = sourcecode.c.h; path = MenuAdminViewController.h; sourceTree = "<group>"; };
		BBEF0DD91DCE008900466479 /* MenuAdminViewController.m */ = {isa = PBXFileReference; fileEncoding = 4; lastKnownFileType = sourcecode.c.objc; path = MenuAdminViewController.m; sourceTree = "<group>"; };
		BBEF0DDB1DCE00BF00466479 /* NewsViewController.h */ = {isa = PBXFileReference; fileEncoding = 4; lastKnownFileType = sourcecode.c.h; path = NewsViewController.h; sourceTree = "<group>"; };
		BBEF0DDC1DCE00BF00466479 /* NewsViewController.m */ = {isa = PBXFileReference; fileEncoding = 4; lastKnownFileType = sourcecode.c.objc; path = NewsViewController.m; sourceTree = "<group>"; };
		BBEF0DE01DCE0C5100466479 /* RECommonFunctions.h */ = {isa = PBXFileReference; fileEncoding = 4; lastKnownFileType = sourcecode.c.h; path = RECommonFunctions.h; sourceTree = "<group>"; };
		BBEF0DE11DCE0C5100466479 /* RECommonFunctions.m */ = {isa = PBXFileReference; fileEncoding = 4; lastKnownFileType = sourcecode.c.objc; path = RECommonFunctions.m; sourceTree = "<group>"; };
		BBEF0DE21DCE0C5100466479 /* REFrostedContainerViewController.h */ = {isa = PBXFileReference; fileEncoding = 4; lastKnownFileType = sourcecode.c.h; path = REFrostedContainerViewController.h; sourceTree = "<group>"; };
		BBEF0DE31DCE0C5100466479 /* REFrostedContainerViewController.m */ = {isa = PBXFileReference; fileEncoding = 4; lastKnownFileType = sourcecode.c.objc; path = REFrostedContainerViewController.m; sourceTree = "<group>"; };
		BBEF0DE41DCE0C5100466479 /* REFrostedViewController.h */ = {isa = PBXFileReference; fileEncoding = 4; lastKnownFileType = sourcecode.c.h; path = REFrostedViewController.h; sourceTree = "<group>"; };
		BBEF0DE51DCE0C5100466479 /* REFrostedViewController.m */ = {isa = PBXFileReference; fileEncoding = 4; lastKnownFileType = sourcecode.c.objc; path = REFrostedViewController.m; sourceTree = "<group>"; };
		BBEF0DE61DCE0C5100466479 /* UIImage+REFrostedViewController.h */ = {isa = PBXFileReference; fileEncoding = 4; lastKnownFileType = sourcecode.c.h; path = "UIImage+REFrostedViewController.h"; sourceTree = "<group>"; };
		BBEF0DE71DCE0C5100466479 /* UIImage+REFrostedViewController.m */ = {isa = PBXFileReference; fileEncoding = 4; lastKnownFileType = sourcecode.c.objc; path = "UIImage+REFrostedViewController.m"; sourceTree = "<group>"; };
		BBEF0DE81DCE0C5100466479 /* UIView+REFrostedViewController.h */ = {isa = PBXFileReference; fileEncoding = 4; lastKnownFileType = sourcecode.c.h; path = "UIView+REFrostedViewController.h"; sourceTree = "<group>"; };
		BBEF0DE91DCE0C5100466479 /* UIView+REFrostedViewController.m */ = {isa = PBXFileReference; fileEncoding = 4; lastKnownFileType = sourcecode.c.objc; path = "UIView+REFrostedViewController.m"; sourceTree = "<group>"; };
		BBEF0DEA1DCE0C5100466479 /* UIViewController+REFrostedViewController.h */ = {isa = PBXFileReference; fileEncoding = 4; lastKnownFileType = sourcecode.c.h; path = "UIViewController+REFrostedViewController.h"; sourceTree = "<group>"; };
		BBEF0DEB1DCE0C5100466479 /* UIViewController+REFrostedViewController.m */ = {isa = PBXFileReference; fileEncoding = 4; lastKnownFileType = sourcecode.c.objc; path = "UIViewController+REFrostedViewController.m"; sourceTree = "<group>"; };
		BBEF0DF21DCE0D0F00466479 /* RootViewController.h */ = {isa = PBXFileReference; fileEncoding = 4; lastKnownFileType = sourcecode.c.h; path = RootViewController.h; sourceTree = "<group>"; };
		BBEF0DF31DCE0D0F00466479 /* RootViewController.m */ = {isa = PBXFileReference; fileEncoding = 4; lastKnownFileType = sourcecode.c.objc; path = RootViewController.m; sourceTree = "<group>"; };
		BBEF0DF51DCE0E4300466479 /* DEMONavigationController.h */ = {isa = PBXFileReference; fileEncoding = 4; lastKnownFileType = sourcecode.c.h; path = DEMONavigationController.h; sourceTree = "<group>"; };
		BBEF0DF61DCE0E4300466479 /* DEMONavigationController.m */ = {isa = PBXFileReference; fileEncoding = 4; lastKnownFileType = sourcecode.c.objc; path = DEMONavigationController.m; sourceTree = "<group>"; };
		BBEF0DF81DCE0FB800466479 /* DEMOMenuViewController.h */ = {isa = PBXFileReference; fileEncoding = 4; lastKnownFileType = sourcecode.c.h; path = DEMOMenuViewController.h; sourceTree = "<group>"; };
		BBEF0DF91DCE0FB800466479 /* DEMOMenuViewController.m */ = {isa = PBXFileReference; fileEncoding = 4; lastKnownFileType = sourcecode.c.objc; path = DEMOMenuViewController.m; sourceTree = "<group>"; };
		BBEF0DFB1DCE433C00466479 /* DEMOMenuTableViewCell.h */ = {isa = PBXFileReference; fileEncoding = 4; lastKnownFileType = sourcecode.c.h; path = DEMOMenuTableViewCell.h; sourceTree = "<group>"; };
		BBEF0DFC1DCE433C00466479 /* DEMOMenuTableViewCell.m */ = {isa = PBXFileReference; fileEncoding = 4; lastKnownFileType = sourcecode.c.objc; path = DEMOMenuTableViewCell.m; sourceTree = "<group>"; };
/* End PBXFileReference section */

/* Begin PBXFrameworksBuildPhase section */
		BBD16BB31DBCFD3B00E1427F /* Frameworks */ = {
			isa = PBXFrameworksBuildPhase;
			buildActionMask = 2147483647;
			files = (
			);
			runOnlyForDeploymentPostprocessing = 0;
		};
/* End PBXFrameworksBuildPhase section */

/* Begin PBXGroup section */
		BB0A1C971DEB4A7A00A8361B /* events */ = {
			isa = PBXGroup;
			children = (
				BB0A1C941DEB4A7200A8361B /* EventsViewController.h */,
				BB0A1C951DEB4A7200A8361B /* EventsViewController.m */,
				BB0A1C981DEB523200A8361B /* EventsTableViewCell.h */,
				BB0A1C991DEB523200A8361B /* EventsTableViewCell.m */,
			);
			name = events;
			sourceTree = "<group>";
		};
		BB118C7C1DD893A100745E01 /* Slide Menu */ = {
			isa = PBXGroup;
			children = (
				BBEF0DF81DCE0FB800466479 /* DEMOMenuViewController.h */,
				BBEF0DF91DCE0FB800466479 /* DEMOMenuViewController.m */,
				BBEF0DFB1DCE433C00466479 /* DEMOMenuTableViewCell.h */,
				BBEF0DFC1DCE433C00466479 /* DEMOMenuTableViewCell.m */,
				BBC261EC1DD4EC950033B4A6 /* menuHeaderView.h */,
				BBC261ED1DD4EC950033B4A6 /* menuHeaderView.m */,
			);
			name = "Slide Menu";
			sourceTree = "<group>";
		};
		BBA39E4F1DE60B57003DEE40 /* Users */ = {
			isa = PBXGroup;
			children = (
				BBA39E501DE60B6C003DEE40 /* UsersViewController.h */,
				BBA39E511DE60B6C003DEE40 /* UsersViewController.m */,
				BBA39E531DE60E41003DEE40 /* UsersTableViewCell.h */,
				BBA39E541DE60E41003DEE40 /* UsersTableViewCell.m */,
				BB5D92431DE8986600F86C69 /* UserDetailsViewController.h */,
				BB5D92441DE8986600F86C69 /* UserDetailsViewController.m */,
			);
			name = Users;
			sourceTree = "<group>";
		};
		BBCAF52C1DD21D7700BEA62F /* LogIN */ = {
			isa = PBXGroup;
			children = (
				BB53838D1DC249E000BCD253 /* LoginViewController.h */,
				BB53838E1DC249E000BCD253 /* LoginViewController.m */,
			);
			name = LogIN;
			sourceTree = "<group>";
		};
		BBCAF52D1DD21D9000BEA62F /* Menu Admin */ = {
			isa = PBXGroup;
			children = (
				BBEF0DD81DCE008900466479 /* MenuAdminViewController.h */,
				BBEF0DD91DCE008900466479 /* MenuAdminViewController.m */,
				BB1965441DE204CC0088BCAF /* MenuUserViewController.h */,
				BB1965451DE204CC0088BCAF /* MenuUserViewController.m */,
			);
			name = "Menu Admin";
			sourceTree = "<group>";
		};
		BBCAF52E1DD21D9C00BEA62F /* News */ = {
			isa = PBXGroup;
			children = (
				BBEF0DDB1DCE00BF00466479 /* NewsViewController.h */,
				BBEF0DDC1DCE00BF00466479 /* NewsViewController.m */,
				BBCAF59E1DD24BE100BEA62F /* NewsTableViewCell.h */,
				BBCAF59F1DD24BE100BEA62F /* NewsTableViewCell.m */,
			);
			name = News;
			sourceTree = "<group>";
		};
		BBCAF52F1DD21DC800BEA62F /* WebService */ = {
			isa = PBXGroup;
			children = (
				BBCAF5711DD21E4500BEA62F /* RHWebServiceManager.h */,
				BBCAF5721DD21E4500BEA62F /* RHWebServiceManager.m */,
			);
			name = WebService;
			sourceTree = "<group>";
		};
		BBCAF5301DD21DFB00BEA62F /* UIKit+AFNetworking */ = {
			isa = PBXGroup;
			children = (
				BBCAF5311DD21DFB00BEA62F /* AFNetworkActivityIndicatorManager.h */,
				BBCAF5321DD21DFB00BEA62F /* AFNetworkActivityIndicatorManager.m */,
				BBCAF5331DD21DFB00BEA62F /* UIActivityIndicatorView+AFNetworking.h */,
				BBCAF5341DD21DFB00BEA62F /* UIActivityIndicatorView+AFNetworking.m */,
				BBCAF5351DD21DFB00BEA62F /* UIAlertView+AFNetworking.h */,
				BBCAF5361DD21DFB00BEA62F /* UIAlertView+AFNetworking.m */,
				BBCAF5371DD21DFB00BEA62F /* UIButton+AFNetworking.h */,
				BBCAF5381DD21DFB00BEA62F /* UIButton+AFNetworking.m */,
				BBCAF5391DD21DFB00BEA62F /* UIImageView+AFNetworking.h */,
				BBCAF53A1DD21DFB00BEA62F /* UIImageView+AFNetworking.m */,
				BBCAF53B1DD21DFB00BEA62F /* UIKit+AFNetworking.h */,
				BBCAF53C1DD21DFB00BEA62F /* UIProgressView+AFNetworking.h */,
				BBCAF53D1DD21DFB00BEA62F /* UIProgressView+AFNetworking.m */,
				BBCAF53E1DD21DFB00BEA62F /* UIRefreshControl+AFNetworking.h */,
				BBCAF53F1DD21DFB00BEA62F /* UIRefreshControl+AFNetworking.m */,
				BBCAF5401DD21DFB00BEA62F /* UIWebView+AFNetworking.h */,
				BBCAF5411DD21DFB00BEA62F /* UIWebView+AFNetworking.m */,
			);
			path = "UIKit+AFNetworking";
			sourceTree = "<group>";
		};
		BBCAF54A1DD21E2700BEA62F /* AFNetworking */ = {
			isa = PBXGroup;
			children = (
				BBCAF54B1DD21E2700BEA62F /* AFHTTPRequestOperation.h */,
				BBCAF54C1DD21E2700BEA62F /* AFHTTPRequestOperation.m */,
				BBCAF54D1DD21E2700BEA62F /* AFHTTPRequestOperationManager.h */,
				BBCAF54E1DD21E2700BEA62F /* AFHTTPRequestOperationManager.m */,
				BBCAF54F1DD21E2700BEA62F /* AFHTTPSessionManager.h */,
				BBCAF5501DD21E2700BEA62F /* AFHTTPSessionManager.m */,
				BBCAF5511DD21E2700BEA62F /* AFNetworking.h */,
				BBCAF5521DD21E2700BEA62F /* AFNetworkReachabilityManager.h */,
				BBCAF5531DD21E2700BEA62F /* AFNetworkReachabilityManager.m */,
				BBCAF5541DD21E2700BEA62F /* AFSecurityPolicy.h */,
				BBCAF5551DD21E2700BEA62F /* AFSecurityPolicy.m */,
				BBCAF5561DD21E2700BEA62F /* AFURLConnectionOperation.h */,
				BBCAF5571DD21E2700BEA62F /* AFURLConnectionOperation.m */,
				BBCAF5581DD21E2700BEA62F /* AFURLRequestSerialization.h */,
				BBCAF5591DD21E2700BEA62F /* AFURLRequestSerialization.m */,
				BBCAF55A1DD21E2700BEA62F /* AFURLResponseSerialization.h */,
				BBCAF55B1DD21E2700BEA62F /* AFURLResponseSerialization.m */,
				BBCAF55C1DD21E2700BEA62F /* AFURLSessionManager.h */,
				BBCAF55D1DD21E2700BEA62F /* AFURLSessionManager.m */,
			);
			path = AFNetworking;
			sourceTree = "<group>";
		};
		BBCAF55E1DD21E2700BEA62F /* SVProgressHUD */ = {
			isa = PBXGroup;
			children = (
				BBCAF55F1DD21E2700BEA62F /* SVIndefiniteAnimatedView.h */,
				BBCAF5601DD21E2700BEA62F /* SVIndefiniteAnimatedView.m */,
				BBCAF5611DD21E2700BEA62F /* SVProgressHUD-Prefix.pch */,
				BBCAF5621DD21E2700BEA62F /* SVProgressHUD.bundle */,
				BBCAF5631DD21E2700BEA62F /* SVProgressHUD.h */,
				BBCAF5641DD21E2700BEA62F /* SVProgressHUD.m */,
			);
			path = SVProgressHUD;
			sourceTree = "<group>";
		};
		BBCAF5951DD21E8500BEA62F /* Webservice Object */ = {
			isa = PBXGroup;
			children = (
				BBCAF5741DD21E7C00BEA62F /* CourseObject.h */,
				BBCAF5751DD21E7C00BEA62F /* CourseObject.m */,
				BBCAF5761DD21E7C00BEA62F /* EventObject.h */,
				BBCAF5771DD21E7C00BEA62F /* EventObject.m */,
				BBCAF5781DD21E7C00BEA62F /* MessageObject.h */,
				BBCAF5791DD21E7C00BEA62F /* MessageObject.m */,
				BBCAF57A1DD21E7C00BEA62F /* NewsObject.h */,
				BBCAF57B1DD21E7C00BEA62F /* NewsObject.m */,
				BBCAF57C1DD21E7C00BEA62F /* OfferObject.h */,
				BBCAF57D1DD21E7C00BEA62F /* OfferObject.m */,
				BBCAF57E1DD21E7D00BEA62F /* ServiceDetailsObject.h */,
				BBCAF57F1DD21E7D00BEA62F /* ServiceDetailsObject.m */,
				BBCAF5801DD21E7D00BEA62F /* ServiceObject.h */,
				BBCAF5811DD21E7D00BEA62F /* ServiceObject.m */,
				BBCAF5821DD21E7D00BEA62F /* TicketDetailsObject.h */,
				BBCAF5831DD21E7D00BEA62F /* TicketDetailsObject.m */,
				BBCAF5841DD21E7D00BEA62F /* TicketObject.h */,
				BBCAF5851DD21E7D00BEA62F /* TicketObject.m */,
				BBCAF5861DD21E7D00BEA62F /* UserInfoObject.h */,
				BBCAF5871DD21E7D00BEA62F /* UserInfoObject.m */,
				BBCAF5881DD21E7D00BEA62F /* UserProfile.h */,
				BBCAF5891DD21E7D00BEA62F /* UserProfile.m */,
			);
			name = "Webservice Object";
			sourceTree = "<group>";
		};
		BBCAF5991DD21ED100BEA62F /* Shared Instances */ = {
			isa = PBXGroup;
			children = (
				BBCAF5961DD21ECB00BEA62F /* User Details.h */,
				BBCAF5971DD21ECB00BEA62F /* User Details.m */,
			);
			name = "Shared Instances";
			sourceTree = "<group>";
		};
		BBCAF59A1DD2430300BEA62F /* Profile */ = {
			isa = PBXGroup;
			children = (
				BBCAF59B1DD2432F00BEA62F /* ProfileViewController.h */,
				BBCAF59C1DD2432F00BEA62F /* ProfileViewController.m */,
				BBC8FAEA1DE171E800376F07 /* ProfileTableViewCell.h */,
				BBC8FAEB1DE171E800376F07 /* ProfileTableViewCell.m */,
				BBA4FAA81DE192E800630913 /* ProfileHeaderview.h */,
				BBA4FAA91DE192E800630913 /* ProfileHeaderview.m */,
			);
			name = Profile;
			sourceTree = "<group>";
		};
		BBD16BAD1DBCFD3B00E1427F = {
			isa = PBXGroup;
			children = (
				BBD16BB81DBCFD3B00E1427F /* StudioApp Readytec */,
				BBD16BB71DBCFD3B00E1427F /* Products */,
			);
			sourceTree = "<group>";
		};
		BBD16BB71DBCFD3B00E1427F /* Products */ = {
			isa = PBXGroup;
			children = (
				BBD16BB61DBCFD3B00E1427F /* StudioApp Readytec.app */,
			);
			name = Products;
			sourceTree = "<group>";
		};
		BBD16BB81DBCFD3B00E1427F /* StudioApp Readytec */ = {
			isa = PBXGroup;
			children = (
				BBD16BBC1DBCFD3B00E1427F /* AppDelegate.h */,
				BBD16BBD1DBCFD3B00E1427F /* AppDelegate.m */,
				BBEF0DF21DCE0D0F00466479 /* RootViewController.h */,
				BBEF0DF31DCE0D0F00466479 /* RootViewController.m */,
				BB118C7C1DD893A100745E01 /* Slide Menu */,
				BBC261E61DD4E3B10033B4A6 /* DemoMenuHeaderTableViewCell.h */,
				BBC261E71DD4E3B10033B4A6 /* DemoMenuHeaderTableViewCell.m */,
				BBEF0DF51DCE0E4300466479 /* DEMONavigationController.h */,
				BBEF0DF61DCE0E4300466479 /* DEMONavigationController.m */,
				BBD16BBF1DBCFD3B00E1427F /* ViewController.h */,
				BBD16BC01DBCFD3B00E1427F /* ViewController.m */,
				BBCAF5991DD21ED100BEA62F /* Shared Instances */,
				BBCAF5951DD21E8500BEA62F /* Webservice Object */,
				BBCAF52C1DD21D7700BEA62F /* LogIN */,
				BBCAF52D1DD21D9000BEA62F /* Menu Admin */,
				BBCAF59A1DD2430300BEA62F /* Profile */,
				BBCAF52E1DD21D9C00BEA62F /* News */,
				BB0A1C971DEB4A7A00A8361B /* events */,
				BBA39E4F1DE60B57003DEE40 /* Users */,
				BBEF0DDE1DCE0C3C00466479 /* Third Party */,
				BBCAF52F1DD21DC800BEA62F /* WebService */,
				BBD16BC21DBCFD3B00E1427F /* Main.storyboard */,
				BBC261EF1DD4ECB60033B4A6 /* View.xib */,
				BBA4FAAB1DE1931900630913 /* profileHeaderView.xib */,
				BBD16BC81DBCFD3B00E1427F /* Assets.xcassets */,
				BBD16BCA1DBCFD3B00E1427F /* LaunchScreen.storyboard */,
				BBD16BCD1DBCFD3B00E1427F /* Info.plist */,
				BBD16BC51DBCFD3B00E1427F /* StudioApp_Readytec.xcdatamodeld */,
				BBD16BB91DBCFD3B00E1427F /* Supporting Files */,
			);
			path = "StudioApp Readytec";
			sourceTree = "<group>";
		};
		BBD16BB91DBCFD3B00E1427F /* Supporting Files */ = {
			isa = PBXGroup;
			children = (
				BBD16BBA1DBCFD3B00E1427F /* main.m */,
			);
			name = "Supporting Files";
			sourceTree = "<group>";
		};
		BBEF0DDE1DCE0C3C00466479 /* Third Party */ = {
			isa = PBXGroup;
			children = (
				BBCAF54A1DD21E2700BEA62F /* AFNetworking */,
				BBCAF55E1DD21E2700BEA62F /* SVProgressHUD */,
				BBCAF5301DD21DFB00BEA62F /* UIKit+AFNetworking */,
				BBEF0DDF1DCE0C5100466479 /* REFrostedViewController */,
			);
			name = "Third Party";
			sourceTree = "<group>";
		};
		BBEF0DDF1DCE0C5100466479 /* REFrostedViewController */ = {
			isa = PBXGroup;
			children = (
				BBEF0DE01DCE0C5100466479 /* RECommonFunctions.h */,
				BBEF0DE11DCE0C5100466479 /* RECommonFunctions.m */,
				BBEF0DE21DCE0C5100466479 /* REFrostedContainerViewController.h */,
				BBEF0DE31DCE0C5100466479 /* REFrostedContainerViewController.m */,
				BBEF0DE41DCE0C5100466479 /* REFrostedViewController.h */,
				BBEF0DE51DCE0C5100466479 /* REFrostedViewController.m */,
				BBEF0DE61DCE0C5100466479 /* UIImage+REFrostedViewController.h */,
				BBEF0DE71DCE0C5100466479 /* UIImage+REFrostedViewController.m */,
				BBEF0DE81DCE0C5100466479 /* UIView+REFrostedViewController.h */,
				BBEF0DE91DCE0C5100466479 /* UIView+REFrostedViewController.m */,
				BBEF0DEA1DCE0C5100466479 /* UIViewController+REFrostedViewController.h */,
				BBEF0DEB1DCE0C5100466479 /* UIViewController+REFrostedViewController.m */,
			);
			path = REFrostedViewController;
			sourceTree = "<group>";
		};
/* End PBXGroup section */

/* Begin PBXNativeTarget section */
		BBD16BB51DBCFD3B00E1427F /* StudioApp Readytec */ = {
			isa = PBXNativeTarget;
			buildConfigurationList = BBD16BD01DBCFD3B00E1427F /* Build configuration list for PBXNativeTarget "StudioApp Readytec" */;
			buildPhases = (
				BBD16BB21DBCFD3B00E1427F /* Sources */,
				BBD16BB31DBCFD3B00E1427F /* Frameworks */,
				BBD16BB41DBCFD3B00E1427F /* Resources */,
			);
			buildRules = (
			);
			dependencies = (
			);
			name = "StudioApp Readytec";
			productName = "StudioApp Readytec";
			productReference = BBD16BB61DBCFD3B00E1427F /* StudioApp Readytec.app */;
			productType = "com.apple.product-type.application";
		};
/* End PBXNativeTarget section */

/* Begin PBXProject section */
		BBD16BAE1DBCFD3B00E1427F /* Project object */ = {
			isa = PBXProject;
			attributes = {
				LastUpgradeCheck = 0800;
				ORGANIZATIONNAME = "Rafay Hasan";
				TargetAttributes = {
					BBD16BB51DBCFD3B00E1427F = {
						CreatedOnToolsVersion = 8.0;
						ProvisioningStyle = Manual;
					};
				};
			};
			buildConfigurationList = BBD16BB11DBCFD3B00E1427F /* Build configuration list for PBXProject "StudioApp Readytec" */;
			compatibilityVersion = "Xcode 3.2";
			developmentRegion = English;
			hasScannedForEncodings = 0;
			knownRegions = (
				en,
				Base,
			);
			mainGroup = BBD16BAD1DBCFD3B00E1427F;
			productRefGroup = BBD16BB71DBCFD3B00E1427F /* Products */;
			projectDirPath = "";
			projectRoot = "";
			targets = (
				BBD16BB51DBCFD3B00E1427F /* StudioApp Readytec */,
			);
		};
/* End PBXProject section */

/* Begin PBXResourcesBuildPhase section */
		BBD16BB41DBCFD3B00E1427F /* Resources */ = {
			isa = PBXResourcesBuildPhase;
			buildActionMask = 2147483647;
			files = (
				BBD16BCC1DBCFD3B00E1427F /* LaunchScreen.storyboard in Resources */,
				BBC261F01DD4ECB60033B4A6 /* View.xib in Resources */,
				BBD16BC91DBCFD3B00E1427F /* Assets.xcassets in Resources */,
				BBA4FAAC1DE1931900630913 /* profileHeaderView.xib in Resources */,
				BBD16BC41DBCFD3B00E1427F /* Main.storyboard in Resources */,
				BBCAF56F1DD21E2700BEA62F /* SVProgressHUD.bundle in Resources */,
			);
			runOnlyForDeploymentPostprocessing = 0;
		};
/* End PBXResourcesBuildPhase section */

/* Begin PBXSourcesBuildPhase section */
		BBD16BB21DBCFD3B00E1427F /* Sources */ = {
			isa = PBXSourcesBuildPhase;
			buildActionMask = 2147483647;
			files = (
				BBCAF5651DD21E2700BEA62F /* AFHTTPRequestOperation.m in Sources */,
				BB0A1C961DEB4A7200A8361B /* EventsViewController.m in Sources */,
				BBD16BC71DBCFD3B00E1427F /* StudioApp_Readytec.xcdatamodeld in Sources */,
				BBEF0DED1DCE0C5100466479 /* REFrostedContainerViewController.m in Sources */,
				BBCAF5481DD21DFB00BEA62F /* UIRefreshControl+AFNetworking.m in Sources */,
				BBC261EE1DD4EC950033B4A6 /* menuHeaderView.m in Sources */,
				BBCAF59D1DD2432F00BEA62F /* ProfileViewController.m in Sources */,
				BBCAF56C1DD21E2700BEA62F /* AFURLResponseSerialization.m in Sources */,
				BBCAF58E1DD21E7D00BEA62F /* OfferObject.m in Sources */,
				BBCAF58F1DD21E7D00BEA62F /* ServiceDetailsObject.m in Sources */,
				BBA39E521DE60B6C003DEE40 /* UsersViewController.m in Sources */,
				BBCAF5701DD21E2700BEA62F /* SVProgressHUD.m in Sources */,
				BBCAF5941DD21E7D00BEA62F /* UserProfile.m in Sources */,
				BBCAF56E1DD21E2700BEA62F /* SVIndefiniteAnimatedView.m in Sources */,
				BBCAF5A01DD24BE100BEA62F /* NewsTableViewCell.m in Sources */,
				BBCAF58A1DD21E7D00BEA62F /* CourseObject.m in Sources */,
				BBCAF5921DD21E7D00BEA62F /* TicketObject.m in Sources */,
				BBCAF5911DD21E7D00BEA62F /* TicketDetailsObject.m in Sources */,
				BBCAF5451DD21DFB00BEA62F /* UIButton+AFNetworking.m in Sources */,
				BBCAF5471DD21DFB00BEA62F /* UIProgressView+AFNetworking.m in Sources */,
				BBD16BC11DBCFD3B00E1427F /* ViewController.m in Sources */,
				BBD16BBE1DBCFD3B00E1427F /* AppDelegate.m in Sources */,
				BBCAF56A1DD21E2700BEA62F /* AFURLConnectionOperation.m in Sources */,
				BBCAF5731DD21E4500BEA62F /* RHWebServiceManager.m in Sources */,
				BB1965461DE204CC0088BCAF /* MenuUserViewController.m in Sources */,
				BBCAF58D1DD21E7D00BEA62F /* NewsObject.m in Sources */,
				BBCAF5661DD21E2700BEA62F /* AFHTTPRequestOperationManager.m in Sources */,
				BBA4FAAA1DE192E800630913 /* ProfileHeaderview.m in Sources */,
				BBCAF5931DD21E7D00BEA62F /* UserInfoObject.m in Sources */,
				BBCAF5901DD21E7D00BEA62F /* ServiceObject.m in Sources */,
				BBCAF5441DD21DFB00BEA62F /* UIAlertView+AFNetworking.m in Sources */,
				BBD16BBB1DBCFD3B00E1427F /* main.m in Sources */,
				BBEF0DF11DCE0C5100466479 /* UIViewController+REFrostedViewController.m in Sources */,
				BBEF0DEF1DCE0C5100466479 /* UIImage+REFrostedViewController.m in Sources */,
				BBCAF5461DD21DFB00BEA62F /* UIImageView+AFNetworking.m in Sources */,
				BBC261E81DD4E3B10033B4A6 /* DemoMenuHeaderTableViewCell.m in Sources */,
				BB53838F1DC249E000BCD253 /* LoginViewController.m in Sources */,
				BBCAF56D1DD21E2700BEA62F /* AFURLSessionManager.m in Sources */,
				BBCAF5431DD21DFB00BEA62F /* UIActivityIndicatorView+AFNetworking.m in Sources */,
				BBCAF5691DD21E2700BEA62F /* AFSecurityPolicy.m in Sources */,
				BBCAF5421DD21DFB00BEA62F /* AFNetworkActivityIndicatorManager.m in Sources */,
				BBA39E551DE60E41003DEE40 /* UsersTableViewCell.m in Sources */,
				BBCAF58B1DD21E7D00BEA62F /* EventObject.m in Sources */,
				BBEF0DF41DCE0D0F00466479 /* RootViewController.m in Sources */,
				BBCAF5681DD21E2700BEA62F /* AFNetworkReachabilityManager.m in Sources */,
				BBEF0DF71DCE0E4300466479 /* DEMONavigationController.m in Sources */,
				BBCAF5671DD21E2700BEA62F /* AFHTTPSessionManager.m in Sources */,
				BBCAF58C1DD21E7D00BEA62F /* MessageObject.m in Sources */,
				BBCAF56B1DD21E2700BEA62F /* AFURLRequestSerialization.m in Sources */,
				BB0A1C9A1DEB523200A8361B /* EventsTableViewCell.m in Sources */,
				BBEF0DDA1DCE008900466479 /* MenuAdminViewController.m in Sources */,
				BBEF0DF01DCE0C5100466479 /* UIView+REFrostedViewController.m in Sources */,
				BBEF0DFA1DCE0FB800466479 /* DEMOMenuViewController.m in Sources */,
				BBEF0DDD1DCE00BF00466479 /* NewsViewController.m in Sources */,
				BBCAF5981DD21ECB00BEA62F /* User Details.m in Sources */,
				BBEF0DEC1DCE0C5100466479 /* RECommonFunctions.m in Sources */,
				BB5D92451DE8986600F86C69 /* UserDetailsViewController.m in Sources */,
				BBCAF5491DD21DFB00BEA62F /* UIWebView+AFNetworking.m in Sources */,
				BBC8FAEC1DE171E800376F07 /* ProfileTableViewCell.m in Sources */,
				BBEF0DFD1DCE433C00466479 /* DEMOMenuTableViewCell.m in Sources */,
				BBEF0DEE1DCE0C5100466479 /* REFrostedViewController.m in Sources */,
			);
			runOnlyForDeploymentPostprocessing = 0;
		};
/* End PBXSourcesBuildPhase section */

/* Begin PBXVariantGroup section */
		BBD16BC21DBCFD3B00E1427F /* Main.storyboard */ = {
			isa = PBXVariantGroup;
			children = (
				BBD16BC31DBCFD3B00E1427F /* Base */,
			);
			name = Main.storyboard;
			sourceTree = "<group>";
		};
		BBD16BCA1DBCFD3B00E1427F /* LaunchScreen.storyboard */ = {
			isa = PBXVariantGroup;
			children = (
				BBD16BCB1DBCFD3B00E1427F /* Base */,
			);
			name = LaunchScreen.storyboard;
			sourceTree = "<group>";
		};
/* End PBXVariantGroup section */

/* Begin XCBuildConfiguration section */
		BBD16BCE1DBCFD3B00E1427F /* Debug */ = {
			isa = XCBuildConfiguration;
			buildSettings = {
				ALWAYS_SEARCH_USER_PATHS = NO;
				CLANG_ANALYZER_NONNULL = YES;
				CLANG_CXX_LANGUAGE_STANDARD = "gnu++0x";
				CLANG_CXX_LIBRARY = "libc++";
				CLANG_ENABLE_MODULES = YES;
				CLANG_ENABLE_OBJC_ARC = YES;
				CLANG_WARN_BOOL_CONVERSION = YES;
				CLANG_WARN_CONSTANT_CONVERSION = YES;
				CLANG_WARN_DIRECT_OBJC_ISA_USAGE = YES_ERROR;
				CLANG_WARN_DOCUMENTATION_COMMENTS = YES;
				CLANG_WARN_EMPTY_BODY = YES;
				CLANG_WARN_ENUM_CONVERSION = YES;
				CLANG_WARN_INFINITE_RECURSION = YES;
				CLANG_WARN_INT_CONVERSION = YES;
				CLANG_WARN_OBJC_ROOT_CLASS = YES_ERROR;
				CLANG_WARN_SUSPICIOUS_MOVES = YES;
				CLANG_WARN_UNREACHABLE_CODE = YES;
				CLANG_WARN__DUPLICATE_METHOD_MATCH = YES;
				"CODE_SIGN_IDENTITY[sdk=iphoneos*]" = "iPhone Developer";
				COPY_PHASE_STRIP = NO;
				DEBUG_INFORMATION_FORMAT = dwarf;
				ENABLE_STRICT_OBJC_MSGSEND = YES;
				ENABLE_TESTABILITY = YES;
				GCC_C_LANGUAGE_STANDARD = gnu99;
				GCC_DYNAMIC_NO_PIC = NO;
				GCC_NO_COMMON_BLOCKS = YES;
				GCC_OPTIMIZATION_LEVEL = 0;
				GCC_PREPROCESSOR_DEFINITIONS = (
					"DEBUG=1",
					"$(inherited)",
				);
				GCC_WARN_64_TO_32_BIT_CONVERSION = YES;
				GCC_WARN_ABOUT_RETURN_TYPE = YES_ERROR;
				GCC_WARN_UNDECLARED_SELECTOR = YES;
				GCC_WARN_UNINITIALIZED_AUTOS = YES_AGGRESSIVE;
				GCC_WARN_UNUSED_FUNCTION = YES;
				GCC_WARN_UNUSED_VARIABLE = YES;
				IPHONEOS_DEPLOYMENT_TARGET = 10.0;
				MTL_ENABLE_DEBUG_INFO = YES;
				ONLY_ACTIVE_ARCH = YES;
				SDKROOT = iphoneos;
				TARGETED_DEVICE_FAMILY = "1,2";
			};
			name = Debug;
		};
		BBD16BCF1DBCFD3B00E1427F /* Release */ = {
			isa = XCBuildConfiguration;
			buildSettings = {
				ALWAYS_SEARCH_USER_PATHS = NO;
				CLANG_ANALYZER_NONNULL = YES;
				CLANG_CXX_LANGUAGE_STANDARD = "gnu++0x";
				CLANG_CXX_LIBRARY = "libc++";
				CLANG_ENABLE_MODULES = YES;
				CLANG_ENABLE_OBJC_ARC = YES;
				CLANG_WARN_BOOL_CONVERSION = YES;
				CLANG_WARN_CONSTANT_CONVERSION = YES;
				CLANG_WARN_DIRECT_OBJC_ISA_USAGE = YES_ERROR;
				CLANG_WARN_DOCUMENTATION_COMMENTS = YES;
				CLANG_WARN_EMPTY_BODY = YES;
				CLANG_WARN_ENUM_CONVERSION = YES;
				CLANG_WARN_INFINITE_RECURSION = YES;
				CLANG_WARN_INT_CONVERSION = YES;
				CLANG_WARN_OBJC_ROOT_CLASS = YES_ERROR;
				CLANG_WARN_SUSPICIOUS_MOVES = YES;
				CLANG_WARN_UNREACHABLE_CODE = YES;
				CLANG_WARN__DUPLICATE_METHOD_MATCH = YES;
				"CODE_SIGN_IDENTITY[sdk=iphoneos*]" = "iPhone Developer";
				COPY_PHASE_STRIP = NO;
				DEBUG_INFORMATION_FORMAT = "dwarf-with-dsym";
				ENABLE_NS_ASSERTIONS = NO;
				ENABLE_STRICT_OBJC_MSGSEND = YES;
				GCC_C_LANGUAGE_STANDARD = gnu99;
				GCC_NO_COMMON_BLOCKS = YES;
				GCC_WARN_64_TO_32_BIT_CONVERSION = YES;
				GCC_WARN_ABOUT_RETURN_TYPE = YES_ERROR;
				GCC_WARN_UNDECLARED_SELECTOR = YES;
				GCC_WARN_UNINITIALIZED_AUTOS = YES_AGGRESSIVE;
				GCC_WARN_UNUSED_FUNCTION = YES;
				GCC_WARN_UNUSED_VARIABLE = YES;
				IPHONEOS_DEPLOYMENT_TARGET = 10.0;
				MTL_ENABLE_DEBUG_INFO = NO;
				SDKROOT = iphoneos;
				TARGETED_DEVICE_FAMILY = "1,2";
				VALIDATE_PRODUCT = YES;
			};
			name = Release;
		};
		BBD16BD11DBCFD3B00E1427F /* Debug */ = {
			isa = XCBuildConfiguration;
			buildSettings = {
				ASSETCATALOG_COMPILER_APPICON_NAME = AppIcon;
				DEVELOPMENT_TEAM = "";
				INFOPLIST_FILE = "StudioApp Readytec/Info.plist";
				LD_RUNPATH_SEARCH_PATHS = "$(inherited) @executable_path/Frameworks";
				PRODUCT_BUNDLE_IDENTIFIER = "Rafay.StudioApp-Readytec";
				PRODUCT_NAME = "$(TARGET_NAME)";
			};
			name = Debug;
		};
		BBD16BD21DBCFD3B00E1427F /* Release */ = {
			isa = XCBuildConfiguration;
			buildSettings = {
				ASSETCATALOG_COMPILER_APPICON_NAME = AppIcon;
				DEVELOPMENT_TEAM = "";
				INFOPLIST_FILE = "StudioApp Readytec/Info.plist";
				LD_RUNPATH_SEARCH_PATHS = "$(inherited) @executable_path/Frameworks";
				PRODUCT_BUNDLE_IDENTIFIER = "Rafay.StudioApp-Readytec";
				PRODUCT_NAME = "$(TARGET_NAME)";
			};
			name = Release;
		};
/* End XCBuildConfiguration section */

/* Begin XCConfigurationList section */
		BBD16BB11DBCFD3B00E1427F /* Build configuration list for PBXProject "StudioApp Readytec" */ = {
			isa = XCConfigurationList;
			buildConfigurations = (
				BBD16BCE1DBCFD3B00E1427F /* Debug */,
				BBD16BCF1DBCFD3B00E1427F /* Release */,
			);
			defaultConfigurationIsVisible = 0;
			defaultConfigurationName = Release;
		};
		BBD16BD01DBCFD3B00E1427F /* Build configuration list for PBXNativeTarget "StudioApp Readytec" */ = {
			isa = XCConfigurationList;
			buildConfigurations = (
				BBD16BD11DBCFD3B00E1427F /* Debug */,
				BBD16BD21DBCFD3B00E1427F /* Release */,
			);
			defaultConfigurationIsVisible = 0;
			defaultConfigurationName = Release;
		};
/* End XCConfigurationList section */

/* Begin XCVersionGroup section */
		BBD16BC51DBCFD3B00E1427F /* StudioApp_Readytec.xcdatamodeld */ = {
			isa = XCVersionGroup;
			children = (
				BBD16BC61DBCFD3B00E1427F /* StudioApp_Readytec.xcdatamodel */,
			);
			currentVersion = BBD16BC61DBCFD3B00E1427F /* StudioApp_Readytec.xcdatamodel */;
			path = StudioApp_Readytec.xcdatamodeld;
			sourceTree = "<group>";
			versionGroupType = wrapper.xcdatamodel;
		};
/* End XCVersionGroup section */
	};
	rootObject = BBD16BAE1DBCFD3B00E1427F /* Project object */;
}
