// !$*UTF8*$!
{
	archiveVersion = 1;
	classes = {
	};
	objectVersion = 46;
	objects = {

/* Begin PBXBuildFile section */
		BB53838F1DC249E000BCD253 /* LoginViewController.m in Sources */ = {isa = PBXBuildFile; fileRef = BB53838E1DC249E000BCD253 /* LoginViewController.m */; };
		BBD16BBB1DBCFD3B00E1427F /* main.m in Sources */ = {isa = PBXBuildFile; fileRef = BBD16BBA1DBCFD3B00E1427F /* main.m */; };
		BBD16BBE1DBCFD3B00E1427F /* AppDelegate.m in Sources */ = {isa = PBXBuildFile; fileRef = BBD16BBD1DBCFD3B00E1427F /* AppDelegate.m */; };
		BBD16BC11DBCFD3B00E1427F /* ViewController.m in Sources */ = {isa = PBXBuildFile; fileRef = BBD16BC01DBCFD3B00E1427F /* ViewController.m */; };
		BBD16BC41DBCFD3B00E1427F /* Main.storyboard in Resources */ = {isa = PBXBuildFile; fileRef = BBD16BC21DBCFD3B00E1427F /* Main.storyboard */; };
		BBD16BC71DBCFD3B00E1427F /* StudioApp_Readytec.xcdatamodeld in Sources */ = {isa = PBXBuildFile; fileRef = BBD16BC51DBCFD3B00E1427F /* StudioApp_Readytec.xcdatamodeld */; };
		BBD16BC91DBCFD3B00E1427F /* Assets.xcassets in Resources */ = {isa = PBXBuildFile; fileRef = BBD16BC81DBCFD3B00E1427F /* Assets.xcassets */; };
		BBD16BCC1DBCFD3B00E1427F /* LaunchScreen.storyboard in Resources */ = {isa = PBXBuildFile; fileRef = BBD16BCA1DBCFD3B00E1427F /* LaunchScreen.storyboard */; };
		BBEF0DDA1DCE008900466479 /* MenuAdminViewController.m in Sources */ = {isa = PBXBuildFile; fileRef = BBEF0DD91DCE008900466479 /* MenuAdminViewController.m */; };
		BBEF0DDD1DCE00BF00466479 /* NewsViewController.m in Sources */ = {isa = PBXBuildFile; fileRef = BBEF0DDC1DCE00BF00466479 /* NewsViewController.m */; };
		BBEF0DEC1DCE0C5100466479 /* RECommonFunctions.m in Sources */ = {isa = PBXBuildFile; fileRef = BBEF0DE11DCE0C5100466479 /* RECommonFunctions.m */; };
		BBEF0DED1DCE0C5100466479 /* REFrostedContainerViewController.m in Sources */ = {isa = PBXBuildFile; fileRef = BBEF0DE31DCE0C5100466479 /* REFrostedContainerViewController.m */; };
		BBEF0DEE1DCE0C5100466479 /* REFrostedViewController.m in Sources */ = {isa = PBXBuildFile; fileRef = BBEF0DE51DCE0C5100466479 /* REFrostedViewController.m */; };
		BBEF0DEF1DCE0C5100466479 /* UIImage+REFrostedViewController.m in Sources */ = {isa = PBXBuildFile; fileRef = BBEF0DE71DCE0C5100466479 /* UIImage+REFrostedViewController.m */; };
		BBEF0DF01DCE0C5100466479 /* UIView+REFrostedViewController.m in Sources */ = {isa = PBXBuildFile; fileRef = BBEF0DE91DCE0C5100466479 /* UIView+REFrostedViewController.m */; };
		BBEF0DF11DCE0C5100466479 /* UIViewController+REFrostedViewController.m in Sources */ = {isa = PBXBuildFile; fileRef = BBEF0DEB1DCE0C5100466479 /* UIViewController+REFrostedViewController.m */; };
		BBEF0DF41DCE0D0F00466479 /* RootViewController.m in Sources */ = {isa = PBXBuildFile; fileRef = BBEF0DF31DCE0D0F00466479 /* RootViewController.m */; };
		BBEF0DF71DCE0E4300466479 /* DEMONavigationController.m in Sources */ = {isa = PBXBuildFile; fileRef = BBEF0DF61DCE0E4300466479 /* DEMONavigationController.m */; };
		BBEF0DFA1DCE0FB800466479 /* DEMOMenuViewController.m in Sources */ = {isa = PBXBuildFile; fileRef = BBEF0DF91DCE0FB800466479 /* DEMOMenuViewController.m */; };
		BBEF0DFD1DCE433C00466479 /* DEMOMenuTableViewCell.m in Sources */ = {isa = PBXBuildFile; fileRef = BBEF0DFC1DCE433C00466479 /* DEMOMenuTableViewCell.m */; };
/* End PBXBuildFile section */

/* Begin PBXFileReference section */
		BB53838D1DC249E000BCD253 /* LoginViewController.h */ = {isa = PBXFileReference; fileEncoding = 4; lastKnownFileType = sourcecode.c.h; path = LoginViewController.h; sourceTree = "<group>"; };
		BB53838E1DC249E000BCD253 /* LoginViewController.m */ = {isa = PBXFileReference; fileEncoding = 4; lastKnownFileType = sourcecode.c.objc; path = LoginViewController.m; sourceTree = "<group>"; };
		BBD16BB61DBCFD3B00E1427F /* StudioApp Readytec.app */ = {isa = PBXFileReference; explicitFileType = wrapper.application; includeInIndex = 0; path = "StudioApp Readytec.app"; sourceTree = BUILT_PRODUCTS_DIR; };
		BBD16BBA1DBCFD3B00E1427F /* main.m */ = {isa = PBXFileReference; lastKnownFileType = sourcecode.c.objc; path = main.m; sourceTree = "<group>"; };
		BBD16BBC1DBCFD3B00E1427F /* AppDelegate.h */ = {isa = PBXFileReference; lastKnownFileType = sourcecode.c.h; path = AppDelegate.h; sourceTree = "<group>"; };
		BBD16BBD1DBCFD3B00E1427F /* AppDelegate.m */ = {isa = PBXFileReference; lastKnownFileType = sourcecode.c.objc; path = AppDelegate.m; sourceTree = "<group>"; };
		BBD16BBF1DBCFD3B00E1427F /* ViewController.h */ = {isa = PBXFileReference; lastKnownFileType = sourcecode.c.h; path = ViewController.h; sourceTree = "<group>"; };
		BBD16BC01DBCFD3B00E1427F /* ViewController.m */ = {isa = PBXFileReference; lastKnownFileType = sourcecode.c.objc; path = ViewController.m; sourceTree = "<group>"; };
		BBD16BC31DBCFD3B00E1427F /* Base */ = {isa = PBXFileReference; lastKnownFileType = file.storyboard; name = Base; path = Base.lproj/Main.storyboard; sourceTree = "<group>"; };
		BBD16BC61DBCFD3B00E1427F /* StudioApp_Readytec.xcdatamodel */ = {isa = PBXFileReference; lastKnownFileType = wrapper.xcdatamodel; path = StudioApp_Readytec.xcdatamodel; sourceTree = "<group>"; };
		BBD16BC81DBCFD3B00E1427F /* Assets.xcassets */ = {isa = PBXFileReference; lastKnownFileType = folder.assetcatalog; path = Assets.xcassets; sourceTree = "<group>"; };
		BBD16BCB1DBCFD3B00E1427F /* Base */ = {isa = PBXFileReference; lastKnownFileType = file.storyboard; name = Base; path = Base.lproj/LaunchScreen.storyboard; sourceTree = "<group>"; };
		BBD16BCD1DBCFD3B00E1427F /* Info.plist */ = {isa = PBXFileReference; lastKnownFileType = text.plist.xml; path = Info.plist; sourceTree = "<group>"; };
		BBEF0DD81DCE008900466479 /* MenuAdminViewController.h */ = {isa = PBXFileReference; fileEncoding = 4; lastKnownFileType = sourcecode.c.h; path = MenuAdminViewController.h; sourceTree = "<group>"; };
		BBEF0DD91DCE008900466479 /* MenuAdminViewController.m */ = {isa = PBXFileReference; fileEncoding = 4; lastKnownFileType = sourcecode.c.objc; path = MenuAdminViewController.m; sourceTree = "<group>"; };
		BBEF0DDB1DCE00BF00466479 /* NewsViewController.h */ = {isa = PBXFileReference; fileEncoding = 4; lastKnownFileType = sourcecode.c.h; path = NewsViewController.h; sourceTree = "<group>"; };
		BBEF0DDC1DCE00BF00466479 /* NewsViewController.m */ = {isa = PBXFileReference; fileEncoding = 4; lastKnownFileType = sourcecode.c.objc; path = NewsViewController.m; sourceTree = "<group>"; };
		BBEF0DE01DCE0C5100466479 /* RECommonFunctions.h */ = {isa = PBXFileReference; fileEncoding = 4; lastKnownFileType = sourcecode.c.h; path = RECommonFunctions.h; sourceTree = "<group>"; };
		BBEF0DE11DCE0C5100466479 /* RECommonFunctions.m */ = {isa = PBXFileReference; fileEncoding = 4; lastKnownFileType = sourcecode.c.objc; path = RECommonFunctions.m; sourceTree = "<group>"; };
		BBEF0DE21DCE0C5100466479 /* REFrostedContainerViewController.h */ = {isa = PBXFileReference; fileEncoding = 4; lastKnownFileType = sourcecode.c.h; path = REFrostedContainerViewController.h; sourceTree = "<group>"; };
		BBEF0DE31DCE0C5100466479 /* REFrostedContainerViewController.m */ = {isa = PBXFileReference; fileEncoding = 4; lastKnownFileType = sourcecode.c.objc; path = REFrostedContainerViewController.m; sourceTree = "<group>"; };
		BBEF0DE41DCE0C5100466479 /* REFrostedViewController.h */ = {isa = PBXFileReference; fileEncoding = 4; lastKnownFileType = sourcecode.c.h; path = REFrostedViewController.h; sourceTree = "<group>"; };
		BBEF0DE51DCE0C5100466479 /* REFrostedViewController.m */ = {isa = PBXFileReference; fileEncoding = 4; lastKnownFileType = sourcecode.c.objc; path = REFrostedViewController.m; sourceTree = "<group>"; };
		BBEF0DE61DCE0C5100466479 /* UIImage+REFrostedViewController.h */ = {isa = PBXFileReference; fileEncoding = 4; lastKnownFileType = sourcecode.c.h; path = "UIImage+REFrostedViewController.h"; sourceTree = "<group>"; };
		BBEF0DE71DCE0C5100466479 /* UIImage+REFrostedViewController.m */ = {isa = PBXFileReference; fileEncoding = 4; lastKnownFileType = sourcecode.c.objc; path = "UIImage+REFrostedViewController.m"; sourceTree = "<group>"; };
		BBEF0DE81DCE0C5100466479 /* UIView+REFrostedViewController.h */ = {isa = PBXFileReference; fileEncoding = 4; lastKnownFileType = sourcecode.c.h; path = "UIView+REFrostedViewController.h"; sourceTree = "<group>"; };
		BBEF0DE91DCE0C5100466479 /* UIView+REFrostedViewController.m */ = {isa = PBXFileReference; fileEncoding = 4; lastKnownFileType = sourcecode.c.objc; path = "UIView+REFrostedViewController.m"; sourceTree = "<group>"; };
		BBEF0DEA1DCE0C5100466479 /* UIViewController+REFrostedViewController.h */ = {isa = PBXFileReference; fileEncoding = 4; lastKnownFileType = sourcecode.c.h; path = "UIViewController+REFrostedViewController.h"; sourceTree = "<group>"; };
		BBEF0DEB1DCE0C5100466479 /* UIViewController+REFrostedViewController.m */ = {isa = PBXFileReference; fileEncoding = 4; lastKnownFileType = sourcecode.c.objc; path = "UIViewController+REFrostedViewController.m"; sourceTree = "<group>"; };
		BBEF0DF21DCE0D0F00466479 /* RootViewController.h */ = {isa = PBXFileReference; fileEncoding = 4; lastKnownFileType = sourcecode.c.h; path = RootViewController.h; sourceTree = "<group>"; };
		BBEF0DF31DCE0D0F00466479 /* RootViewController.m */ = {isa = PBXFileReference; fileEncoding = 4; lastKnownFileType = sourcecode.c.objc; path = RootViewController.m; sourceTree = "<group>"; };
		BBEF0DF51DCE0E4300466479 /* DEMONavigationController.h */ = {isa = PBXFileReference; fileEncoding = 4; lastKnownFileType = sourcecode.c.h; path = DEMONavigationController.h; sourceTree = "<group>"; };
		BBEF0DF61DCE0E4300466479 /* DEMONavigationController.m */ = {isa = PBXFileReference; fileEncoding = 4; lastKnownFileType = sourcecode.c.objc; path = DEMONavigationController.m; sourceTree = "<group>"; };
		BBEF0DF81DCE0FB800466479 /* DEMOMenuViewController.h */ = {isa = PBXFileReference; fileEncoding = 4; lastKnownFileType = sourcecode.c.h; path = DEMOMenuViewController.h; sourceTree = "<group>"; };
		BBEF0DF91DCE0FB800466479 /* DEMOMenuViewController.m */ = {isa = PBXFileReference; fileEncoding = 4; lastKnownFileType = sourcecode.c.objc; path = DEMOMenuViewController.m; sourceTree = "<group>"; };
		BBEF0DFB1DCE433C00466479 /* DEMOMenuTableViewCell.h */ = {isa = PBXFileReference; fileEncoding = 4; lastKnownFileType = sourcecode.c.h; path = DEMOMenuTableViewCell.h; sourceTree = "<group>"; };
		BBEF0DFC1DCE433C00466479 /* DEMOMenuTableViewCell.m */ = {isa = PBXFileReference; fileEncoding = 4; lastKnownFileType = sourcecode.c.objc; path = DEMOMenuTableViewCell.m; sourceTree = "<group>"; };
/* End PBXFileReference section */

/* Begin PBXFrameworksBuildPhase section */
		BBD16BB31DBCFD3B00E1427F /* Frameworks */ = {
			isa = PBXFrameworksBuildPhase;
			buildActionMask = 2147483647;
			files = (
			);
			runOnlyForDeploymentPostprocessing = 0;
		};
/* End PBXFrameworksBuildPhase section */

/* Begin PBXGroup section */
		BBD16BAD1DBCFD3B00E1427F = {
			isa = PBXGroup;
			children = (
				BBD16BB81DBCFD3B00E1427F /* StudioApp Readytec */,
				BBD16BB71DBCFD3B00E1427F /* Products */,
			);
			sourceTree = "<group>";
		};
		BBD16BB71DBCFD3B00E1427F /* Products */ = {
			isa = PBXGroup;
			children = (
				BBD16BB61DBCFD3B00E1427F /* StudioApp Readytec.app */,
			);
			name = Products;
			sourceTree = "<group>";
		};
		BBD16BB81DBCFD3B00E1427F /* StudioApp Readytec */ = {
			isa = PBXGroup;
			children = (
				BBD16BBC1DBCFD3B00E1427F /* AppDelegate.h */,
				BBD16BBD1DBCFD3B00E1427F /* AppDelegate.m */,
				BBEF0DF21DCE0D0F00466479 /* RootViewController.h */,
				BBEF0DF31DCE0D0F00466479 /* RootViewController.m */,
				BBEF0DF81DCE0FB800466479 /* DEMOMenuViewController.h */,
				BBEF0DF91DCE0FB800466479 /* DEMOMenuViewController.m */,
				BBEF0DFB1DCE433C00466479 /* DEMOMenuTableViewCell.h */,
				BBEF0DFC1DCE433C00466479 /* DEMOMenuTableViewCell.m */,
				BBEF0DF51DCE0E4300466479 /* DEMONavigationController.h */,
				BBEF0DF61DCE0E4300466479 /* DEMONavigationController.m */,
				BBEF0DDE1DCE0C3C00466479 /* Third Party */,
				BBD16BBF1DBCFD3B00E1427F /* ViewController.h */,
				BBD16BC01DBCFD3B00E1427F /* ViewController.m */,
				BB53838D1DC249E000BCD253 /* LoginViewController.h */,
				BB53838E1DC249E000BCD253 /* LoginViewController.m */,
				BBEF0DD81DCE008900466479 /* MenuAdminViewController.h */,
				BBEF0DD91DCE008900466479 /* MenuAdminViewController.m */,
				BBEF0DDB1DCE00BF00466479 /* NewsViewController.h */,
				BBEF0DDC1DCE00BF00466479 /* NewsViewController.m */,
				BBD16BC21DBCFD3B00E1427F /* Main.storyboard */,
				BBD16BC81DBCFD3B00E1427F /* Assets.xcassets */,
				BBD16BCA1DBCFD3B00E1427F /* LaunchScreen.storyboard */,
				BBD16BCD1DBCFD3B00E1427F /* Info.plist */,
				BBD16BC51DBCFD3B00E1427F /* StudioApp_Readytec.xcdatamodeld */,
				BBD16BB91DBCFD3B00E1427F /* Supporting Files */,
			);
			path = "StudioApp Readytec";
			sourceTree = "<group>";
		};
		BBD16BB91DBCFD3B00E1427F /* Supporting Files */ = {
			isa = PBXGroup;
			children = (
				BBD16BBA1DBCFD3B00E1427F /* main.m */,
			);
			name = "Supporting Files";
			sourceTree = "<group>";
		};
		BBEF0DDE1DCE0C3C00466479 /* Third Party */ = {
			isa = PBXGroup;
			children = (
				BBEF0DDF1DCE0C5100466479 /* REFrostedViewController */,
			);
			name = "Third Party";
			sourceTree = "<group>";
		};
		BBEF0DDF1DCE0C5100466479 /* REFrostedViewController */ = {
			isa = PBXGroup;
			children = (
				BBEF0DE01DCE0C5100466479 /* RECommonFunctions.h */,
				BBEF0DE11DCE0C5100466479 /* RECommonFunctions.m */,
				BBEF0DE21DCE0C5100466479 /* REFrostedContainerViewController.h */,
				BBEF0DE31DCE0C5100466479 /* REFrostedContainerViewController.m */,
				BBEF0DE41DCE0C5100466479 /* REFrostedViewController.h */,
				BBEF0DE51DCE0C5100466479 /* REFrostedViewController.m */,
				BBEF0DE61DCE0C5100466479 /* UIImage+REFrostedViewController.h */,
				BBEF0DE71DCE0C5100466479 /* UIImage+REFrostedViewController.m */,
				BBEF0DE81DCE0C5100466479 /* UIView+REFrostedViewController.h */,
				BBEF0DE91DCE0C5100466479 /* UIView+REFrostedViewController.m */,
				BBEF0DEA1DCE0C5100466479 /* UIViewController+REFrostedViewController.h */,
				BBEF0DEB1DCE0C5100466479 /* UIViewController+REFrostedViewController.m */,
			);
			path = REFrostedViewController;
			sourceTree = "<group>";
		};
/* End PBXGroup section */

/* Begin PBXNativeTarget section */
		BBD16BB51DBCFD3B00E1427F /* StudioApp Readytec */ = {
			isa = PBXNativeTarget;
			buildConfigurationList = BBD16BD01DBCFD3B00E1427F /* Build configuration list for PBXNativeTarget "StudioApp Readytec" */;
			buildPhases = (
				BBD16BB21DBCFD3B00E1427F /* Sources */,
				BBD16BB31DBCFD3B00E1427F /* Frameworks */,
				BBD16BB41DBCFD3B00E1427F /* Resources */,
			);
			buildRules = (
			);
			dependencies = (
			);
			name = "StudioApp Readytec";
			productName = "StudioApp Readytec";
			productReference = BBD16BB61DBCFD3B00E1427F /* StudioApp Readytec.app */;
			productType = "com.apple.product-type.application";
		};
/* End PBXNativeTarget section */

/* Begin PBXProject section */
		BBD16BAE1DBCFD3B00E1427F /* Project object */ = {
			isa = PBXProject;
			attributes = {
				LastUpgradeCheck = 0800;
				ORGANIZATIONNAME = "Rafay Hasan";
				TargetAttributes = {
					BBD16BB51DBCFD3B00E1427F = {
						CreatedOnToolsVersion = 8.0;
						ProvisioningStyle = Manual;
					};
				};
			};
			buildConfigurationList = BBD16BB11DBCFD3B00E1427F /* Build configuration list for PBXProject "StudioApp Readytec" */;
			compatibilityVersion = "Xcode 3.2";
			developmentRegion = English;
			hasScannedForEncodings = 0;
			knownRegions = (
				en,
				Base,
			);
			mainGroup = BBD16BAD1DBCFD3B00E1427F;
			productRefGroup = BBD16BB71DBCFD3B00E1427F /* Products */;
			projectDirPath = "";
			projectRoot = "";
			targets = (
				BBD16BB51DBCFD3B00E1427F /* StudioApp Readytec */,
			);
		};
/* End PBXProject section */

/* Begin PBXResourcesBuildPhase section */
		BBD16BB41DBCFD3B00E1427F /* Resources */ = {
			isa = PBXResourcesBuildPhase;
			buildActionMask = 2147483647;
			files = (
				BBD16BCC1DBCFD3B00E1427F /* LaunchScreen.storyboard in Resources */,
				BBD16BC91DBCFD3B00E1427F /* Assets.xcassets in Resources */,
				BBD16BC41DBCFD3B00E1427F /* Main.storyboard in Resources */,
			);
			runOnlyForDeploymentPostprocessing = 0;
		};
/* End PBXResourcesBuildPhase section */

/* Begin PBXSourcesBuildPhase section */
		BBD16BB21DBCFD3B00E1427F /* Sources */ = {
			isa = PBXSourcesBuildPhase;
			buildActionMask = 2147483647;
			files = (
				BBD16BC71DBCFD3B00E1427F /* StudioApp_Readytec.xcdatamodeld in Sources */,
				BBEF0DED1DCE0C5100466479 /* REFrostedContainerViewController.m in Sources */,
				BBD16BC11DBCFD3B00E1427F /* ViewController.m in Sources */,
				BBD16BBE1DBCFD3B00E1427F /* AppDelegate.m in Sources */,
				BBD16BBB1DBCFD3B00E1427F /* main.m in Sources */,
				BBEF0DF11DCE0C5100466479 /* UIViewController+REFrostedViewController.m in Sources */,
				BBEF0DEF1DCE0C5100466479 /* UIImage+REFrostedViewController.m in Sources */,
				BB53838F1DC249E000BCD253 /* LoginViewController.m in Sources */,
				BBEF0DF41DCE0D0F00466479 /* RootViewController.m in Sources */,
				BBEF0DF71DCE0E4300466479 /* DEMONavigationController.m in Sources */,
				BBEF0DDA1DCE008900466479 /* MenuAdminViewController.m in Sources */,
				BBEF0DF01DCE0C5100466479 /* UIView+REFrostedViewController.m in Sources */,
				BBEF0DFA1DCE0FB800466479 /* DEMOMenuViewController.m in Sources */,
				BBEF0DDD1DCE00BF00466479 /* NewsViewController.m in Sources */,
				BBEF0DEC1DCE0C5100466479 /* RECommonFunctions.m in Sources */,
				BBEF0DFD1DCE433C00466479 /* DEMOMenuTableViewCell.m in Sources */,
				BBEF0DEE1DCE0C5100466479 /* REFrostedViewController.m in Sources */,
			);
			runOnlyForDeploymentPostprocessing = 0;
		};
/* End PBXSourcesBuildPhase section */

/* Begin PBXVariantGroup section */
		BBD16BC21DBCFD3B00E1427F /* Main.storyboard */ = {
			isa = PBXVariantGroup;
			children = (
				BBD16BC31DBCFD3B00E1427F /* Base */,
			);
			name = Main.storyboard;
			sourceTree = "<group>";
		};
		BBD16BCA1DBCFD3B00E1427F /* LaunchScreen.storyboard */ = {
			isa = PBXVariantGroup;
			children = (
				BBD16BCB1DBCFD3B00E1427F /* Base */,
			);
			name = LaunchScreen.storyboard;
			sourceTree = "<group>";
		};
/* End PBXVariantGroup section */

/* Begin XCBuildConfiguration section */
		BBD16BCE1DBCFD3B00E1427F /* Debug */ = {
			isa = XCBuildConfiguration;
			buildSettings = {
				ALWAYS_SEARCH_USER_PATHS = NO;
				CLANG_ANALYZER_NONNULL = YES;
				CLANG_CXX_LANGUAGE_STANDARD = "gnu++0x";
				CLANG_CXX_LIBRARY = "libc++";
				CLANG_ENABLE_MODULES = YES;
				CLANG_ENABLE_OBJC_ARC = YES;
				CLANG_WARN_BOOL_CONVERSION = YES;
				CLANG_WARN_CONSTANT_CONVERSION = YES;
				CLANG_WARN_DIRECT_OBJC_ISA_USAGE = YES_ERROR;
				CLANG_WARN_DOCUMENTATION_COMMENTS = YES;
				CLANG_WARN_EMPTY_BODY = YES;
				CLANG_WARN_ENUM_CONVERSION = YES;
				CLANG_WARN_INFINITE_RECURSION = YES;
				CLANG_WARN_INT_CONVERSION = YES;
				CLANG_WARN_OBJC_ROOT_CLASS = YES_ERROR;
				CLANG_WARN_SUSPICIOUS_MOVES = YES;
				CLANG_WARN_UNREACHABLE_CODE = YES;
				CLANG_WARN__DUPLICATE_METHOD_MATCH = YES;
				"CODE_SIGN_IDENTITY[sdk=iphoneos*]" = "iPhone Developer";
				COPY_PHASE_STRIP = NO;
				DEBUG_INFORMATION_FORMAT = dwarf;
				ENABLE_STRICT_OBJC_MSGSEND = YES;
				ENABLE_TESTABILITY = YES;
				GCC_C_LANGUAGE_STANDARD = gnu99;
				GCC_DYNAMIC_NO_PIC = NO;
				GCC_NO_COMMON_BLOCKS = YES;
				GCC_OPTIMIZATION_LEVEL = 0;
				GCC_PREPROCESSOR_DEFINITIONS = (
					"DEBUG=1",
					"$(inherited)",
				);
				GCC_WARN_64_TO_32_BIT_CONVERSION = YES;
				GCC_WARN_ABOUT_RETURN_TYPE = YES_ERROR;
				GCC_WARN_UNDECLARED_SELECTOR = YES;
				GCC_WARN_UNINITIALIZED_AUTOS = YES_AGGRESSIVE;
				GCC_WARN_UNUSED_FUNCTION = YES;
				GCC_WARN_UNUSED_VARIABLE = YES;
				IPHONEOS_DEPLOYMENT_TARGET = 10.0;
				MTL_ENABLE_DEBUG_INFO = YES;
				ONLY_ACTIVE_ARCH = YES;
				SDKROOT = iphoneos;
				TARGETED_DEVICE_FAMILY = "1,2";
			};
			name = Debug;
		};
		BBD16BCF1DBCFD3B00E1427F /* Release */ = {
			isa = XCBuildConfiguration;
			buildSettings = {
				ALWAYS_SEARCH_USER_PATHS = NO;
				CLANG_ANALYZER_NONNULL = YES;
				CLANG_CXX_LANGUAGE_STANDARD = "gnu++0x";
				CLANG_CXX_LIBRARY = "libc++";
				CLANG_ENABLE_MODULES = YES;
				CLANG_ENABLE_OBJC_ARC = YES;
				CLANG_WARN_BOOL_CONVERSION = YES;
				CLANG_WARN_CONSTANT_CONVERSION = YES;
				CLANG_WARN_DIRECT_OBJC_ISA_USAGE = YES_ERROR;
				CLANG_WARN_DOCUMENTATION_COMMENTS = YES;
				CLANG_WARN_EMPTY_BODY = YES;
				CLANG_WARN_ENUM_CONVERSION = YES;
				CLANG_WARN_INFINITE_RECURSION = YES;
				CLANG_WARN_INT_CONVERSION = YES;
				CLANG_WARN_OBJC_ROOT_CLASS = YES_ERROR;
				CLANG_WARN_SUSPICIOUS_MOVES = YES;
				CLANG_WARN_UNREACHABLE_CODE = YES;
				CLANG_WARN__DUPLICATE_METHOD_MATCH = YES;
				"CODE_SIGN_IDENTITY[sdk=iphoneos*]" = "iPhone Developer";
				COPY_PHASE_STRIP = NO;
				DEBUG_INFORMATION_FORMAT = "dwarf-with-dsym";
				ENABLE_NS_ASSERTIONS = NO;
				ENABLE_STRICT_OBJC_MSGSEND = YES;
				GCC_C_LANGUAGE_STANDARD = gnu99;
				GCC_NO_COMMON_BLOCKS = YES;
				GCC_WARN_64_TO_32_BIT_CONVERSION = YES;
				GCC_WARN_ABOUT_RETURN_TYPE = YES_ERROR;
				GCC_WARN_UNDECLARED_SELECTOR = YES;
				GCC_WARN_UNINITIALIZED_AUTOS = YES_AGGRESSIVE;
				GCC_WARN_UNUSED_FUNCTION = YES;
				GCC_WARN_UNUSED_VARIABLE = YES;
				IPHONEOS_DEPLOYMENT_TARGET = 10.0;
				MTL_ENABLE_DEBUG_INFO = NO;
				SDKROOT = iphoneos;
				TARGETED_DEVICE_FAMILY = "1,2";
				VALIDATE_PRODUCT = YES;
			};
			name = Release;
		};
		BBD16BD11DBCFD3B00E1427F /* Debug */ = {
			isa = XCBuildConfiguration;
			buildSettings = {
				ASSETCATALOG_COMPILER_APPICON_NAME = AppIcon;
				DEVELOPMENT_TEAM = "";
				INFOPLIST_FILE = "StudioApp Readytec/Info.plist";
				LD_RUNPATH_SEARCH_PATHS = "$(inherited) @executable_path/Frameworks";
				PRODUCT_BUNDLE_IDENTIFIER = "Rafay.StudioApp-Readytec";
				PRODUCT_NAME = "$(TARGET_NAME)";
			};
			name = Debug;
		};
		BBD16BD21DBCFD3B00E1427F /* Release */ = {
			isa = XCBuildConfiguration;
			buildSettings = {
				ASSETCATALOG_COMPILER_APPICON_NAME = AppIcon;
				DEVELOPMENT_TEAM = "";
				INFOPLIST_FILE = "StudioApp Readytec/Info.plist";
				LD_RUNPATH_SEARCH_PATHS = "$(inherited) @executable_path/Frameworks";
				PRODUCT_BUNDLE_IDENTIFIER = "Rafay.StudioApp-Readytec";
				PRODUCT_NAME = "$(TARGET_NAME)";
			};
			name = Release;
		};
/* End XCBuildConfiguration section */

/* Begin XCConfigurationList section */
		BBD16BB11DBCFD3B00E1427F /* Build configuration list for PBXProject "StudioApp Readytec" */ = {
			isa = XCConfigurationList;
			buildConfigurations = (
				BBD16BCE1DBCFD3B00E1427F /* Debug */,
				BBD16BCF1DBCFD3B00E1427F /* Release */,
			);
			defaultConfigurationIsVisible = 0;
			defaultConfigurationName = Release;
		};
		BBD16BD01DBCFD3B00E1427F /* Build configuration list for PBXNativeTarget "StudioApp Readytec" */ = {
			isa = XCConfigurationList;
			buildConfigurations = (
				BBD16BD11DBCFD3B00E1427F /* Debug */,
				BBD16BD21DBCFD3B00E1427F /* Release */,
			);
			defaultConfigurationIsVisible = 0;
			defaultConfigurationName = Release;
		};
/* End XCConfigurationList section */

/* Begin XCVersionGroup section */
		BBD16BC51DBCFD3B00E1427F /* StudioApp_Readytec.xcdatamodeld */ = {
			isa = XCVersionGroup;
			children = (
				BBD16BC61DBCFD3B00E1427F /* StudioApp_Readytec.xcdatamodel */,
			);
			currentVersion = BBD16BC61DBCFD3B00E1427F /* StudioApp_Readytec.xcdatamodel */;
			path = StudioApp_Readytec.xcdatamodeld;
			sourceTree = "<group>";
			versionGroupType = wrapper.xcdatamodel;
		};
/* End XCVersionGroup section */
	};
	rootObject = BBD16BAE1DBCFD3B00E1427F /* Project object */;
}
